// !$*UTF8*$!
{
	archiveVersion = 1;
	classes = {
	};
	objectVersion = 46;
	objects = {

/* Begin PBXBuildFile section */
		03CD41C18430737519CD1542 /* StoreKit.framework */ = {isa = PBXBuildFile; fileRef = 556144B093693A0DF6716EE3 /* StoreKit.framework */; };
		072844CCA0FA39E16D6B3DEA /* CoreBluetooth.framework */ = {isa = PBXBuildFile; fileRef = 5E8E4356BEDC1B1C3AA27A9D /* CoreBluetooth.framework */; };
		09B3450D807D7BB79AD6EE3B /* CFNetwork.framework */ = {isa = PBXBuildFile; fileRef = F426431292E469275F6799B4 /* CFNetwork.framework */; };
		0A4F4CADB433304E19330723 /* GoogleMobileAds.framework */ = {isa = PBXBuildFile; fileRef = 0FB34FE79F63F0A3804EA218 /* GoogleMobileAds.framework */; };
		0C4541E1AF1465567A989916 /* sdkbox.framework */ = {isa = PBXBuildFile; fileRef = 90664B16ACE418A635A5B9C5 /* sdkbox.framework */; };
		1A82F5FB169AC92500C4B13A /* libsqlite3.dylib */ = {isa = PBXBuildFile; fileRef = 1A82F5FA169AC92500C4B13A /* libsqlite3.dylib */; };
		1AD7E0A818C9DB93004817A6 /* main.js */ = {isa = PBXBuildFile; fileRef = 1A6BF21418C9DB5900FB0E1C /* main.js */; };
		1AE159EC18C9DF3600FCA372 /* project.json */ = {isa = PBXBuildFile; fileRef = 1A1A081B18C9DF05005C6854 /* project.json */; };
		1DDE4734ACBFA1AB55CB47EA /* MessageUI.framework */ = {isa = PBXBuildFile; fileRef = D10B46818C3F1A4D80C03D82 /* MessageUI.framework */; };
		28614A5582EFCDE41E6DCD96 /* libjscocos2d iOS.a */ = {isa = PBXBuildFile; fileRef = 25314D7F96A5964397743D54 /* libjscocos2d iOS.a */; };
		2DBE49B096801729C2E21AD3 /* PluginAdMobJSHelper.cpp */ = {isa = PBXBuildFile; fileRef = 637E4F799ED5FB73C1BAD80D /* PluginAdMobJSHelper.cpp */; };
		3509443C9D49A0D1FC59A542 /* EventKitUI.framework */ = {isa = PBXBuildFile; fileRef = 6DBE45CEBD3D749EEA8760A6 /* EventKitUI.framework */; };
		480A4FB2B1D35EE074522509 /* GameController.framework */ = {isa = PBXBuildFile; fileRef = B51349F5B3C7EAA4B257A3AA /* GameController.framework */; };
		498B452C9E98B6E14A9B86D2 /* script */ = {isa = PBXBuildFile; fileRef = 671A491884E0C7533ED0085C /* script */; };
		4B4C4B429E63BAC79B6EA05A /* SystemConfiguration.framework */ = {isa = PBXBuildFile; fileRef = 3C104D36A87E361AC1523FB7 /* SystemConfiguration.framework */; };
		5091731A17ECDF7A00D62437 /* Icon-29.png */ = {isa = PBXBuildFile; fileRef = 5091731417ECDF7A00D62437 /* Icon-29.png */; };
		5091731B17ECDF7A00D62437 /* Icon-40.png */ = {isa = PBXBuildFile; fileRef = 5091731517ECDF7A00D62437 /* Icon-40.png */; };
		5091731C17ECDF7A00D62437 /* Icon-50.png */ = {isa = PBXBuildFile; fileRef = 5091731617ECDF7A00D62437 /* Icon-50.png */; };
		5091731D17ECDF7A00D62437 /* Icon-58.png */ = {isa = PBXBuildFile; fileRef = 5091731717ECDF7A00D62437 /* Icon-58.png */; };
		5091731E17ECDF7A00D62437 /* Icon-80.png */ = {isa = PBXBuildFile; fileRef = 5091731817ECDF7A00D62437 /* Icon-80.png */; };
		5091731F17ECDF7A00D62437 /* Icon-100.png */ = {isa = PBXBuildFile; fileRef = 5091731917ECDF7A00D62437 /* Icon-100.png */; };
		509D4ABC17EBB2AB00697056 /* AppController.mm */ = {isa = PBXBuildFile; fileRef = 509D4AAC17EBB2AB00697056 /* AppController.mm */; };
		509D4ABD17EBB2AB00697056 /* Default-568h@2x.png */ = {isa = PBXBuildFile; fileRef = 509D4AAD17EBB2AB00697056 /* Default-568h@2x.png */; };
		509D4ABE17EBB2AB00697056 /* Default.png */ = {isa = PBXBuildFile; fileRef = 509D4AAE17EBB2AB00697056 /* Default.png */; };
		509D4ABF17EBB2AB00697056 /* Default@2x.png */ = {isa = PBXBuildFile; fileRef = 509D4AAF17EBB2AB00697056 /* Default@2x.png */; };
		509D4AC017EBB2AB00697056 /* Icon-57.png */ = {isa = PBXBuildFile; fileRef = 509D4AB017EBB2AB00697056 /* Icon-57.png */; };
		509D4AC117EBB2AB00697056 /* Icon-72.png */ = {isa = PBXBuildFile; fileRef = 509D4AB117EBB2AB00697056 /* Icon-72.png */; };
		509D4AC217EBB2AB00697056 /* Icon-76.png */ = {isa = PBXBuildFile; fileRef = 509D4AB217EBB2AB00697056 /* Icon-76.png */; };
		509D4AC317EBB2AB00697056 /* Icon-114.png */ = {isa = PBXBuildFile; fileRef = 509D4AB317EBB2AB00697056 /* Icon-114.png */; };
		509D4AC417EBB2AB00697056 /* Icon-120.png */ = {isa = PBXBuildFile; fileRef = 509D4AB417EBB2AB00697056 /* Icon-120.png */; };
		509D4AC517EBB2AB00697056 /* Icon-144.png */ = {isa = PBXBuildFile; fileRef = 509D4AB517EBB2AB00697056 /* Icon-144.png */; };
		509D4AC617EBB2AB00697056 /* Icon-152.png */ = {isa = PBXBuildFile; fileRef = 509D4AB617EBB2AB00697056 /* Icon-152.png */; };
		509D4AC817EBB2AB00697056 /* main.m */ = {isa = PBXBuildFile; fileRef = 509D4AB817EBB2AB00697056 /* main.m */; };
		509D4AC917EBB2AB00697056 /* RootViewController.mm */ = {isa = PBXBuildFile; fileRef = 509D4ABB17EBB2AB00697056 /* RootViewController.mm */; };
		5CFF46A09856C182DED99150 /* PluginAdMob.framework */ = {isa = PBXBuildFile; fileRef = E5934E809998BEB5540BF0ED /* PluginAdMob.framework */; };
		68484AABB9A2BCCE2480D469 /* AdSupport.framework */ = {isa = PBXBuildFile; fileRef = DEB84E61A5EBE32E9CE2821C /* AdSupport.framework */; };
		6E144EF4830450EE49A515AF /* libcocos2d iOS.a */ = {isa = PBXBuildFile; fileRef = 526041819F61614826BB19BD /* libcocos2d iOS.a */; };
		72AF4DF98606162170848190 /* GLKit.framework */ = {isa = PBXBuildFile; fileRef = A5FF43DEBE5E6576C54172BF /* GLKit.framework */; };
		83224A44BF3A10D22A9B81BB /* MobileCoreServices.framework */ = {isa = PBXBuildFile; fileRef = 4DAA4C649A04B09394E39F3E /* MobileCoreServices.framework */; };
		99704F8FB2BC87B47CC24B32 /* CoreTelephony.framework */ = {isa = PBXBuildFile; fileRef = F8A3494AA98172C8E2639DA8 /* CoreTelephony.framework */; };
		9F20C9E61A5BD38A006FB50B /* Security.framework */ = {isa = PBXBuildFile; fileRef = 9F20C9E11A5BBE85006FB50B /* Security.framework */; };
		9FFEB9AC1A6AB7F70095C43A /* RuntimeJsImpl.cpp */ = {isa = PBXBuildFile; fileRef = 9FFEB9A31A6AB7F70095C43A /* RuntimeJsImpl.cpp */; };
		9FFEB9C21A6B86360095C43A /* SimpleConfigParser.cpp */ = {isa = PBXBuildFile; fileRef = 9FFEB9C01A6B86360095C43A /* SimpleConfigParser.cpp */; };
		A4A94355AE86799A94C0BB5B /* SafariServices.framework */ = {isa = PBXBuildFile; fileRef = 7BCF43888FB04B48EA5ADEB4 /* SafariServices.framework */; };
		A92275421517C094001B78AA /* QuartzCore.framework */ = {isa = PBXBuildFile; fileRef = A92275411517C094001B78AA /* QuartzCore.framework */; };
		A92275441517C094001B78AA /* OpenGLES.framework */ = {isa = PBXBuildFile; fileRef = A92275431517C094001B78AA /* OpenGLES.framework */; };
		A92275461517C094001B78AA /* OpenAL.framework */ = {isa = PBXBuildFile; fileRef = A92275451517C094001B78AA /* OpenAL.framework */; };
		A92275481517C094001B78AA /* AudioToolbox.framework */ = {isa = PBXBuildFile; fileRef = A92275471517C094001B78AA /* AudioToolbox.framework */; };
		A922754A1517C094001B78AA /* AVFoundation.framework */ = {isa = PBXBuildFile; fileRef = A92275491517C094001B78AA /* AVFoundation.framework */; };
		A922754C1517C094001B78AA /* UIKit.framework */ = {isa = PBXBuildFile; fileRef = A922754B1517C094001B78AA /* UIKit.framework */; };
		A922754E1517C094001B78AA /* Foundation.framework */ = {isa = PBXBuildFile; fileRef = A922754D1517C094001B78AA /* Foundation.framework */; };
		A92275501517C094001B78AA /* CoreGraphics.framework */ = {isa = PBXBuildFile; fileRef = A922754F1517C094001B78AA /* CoreGraphics.framework */; };
		ADA4461682F4B8DA681731C5 /* libsimulator iOS.a */ = {isa = PBXBuildFile; fileRef = DB4942DC89CF5E304809354C /* libsimulator iOS.a */; };
		B9624A9E90F1FA3430ED064B /* EventKit.framework */ = {isa = PBXBuildFile; fileRef = A60C4B95A695BCF6DD750B9C /* EventKit.framework */; };
		BA4E718719EB6E7900932425 /* MediaPlayer.framework */ = {isa = PBXBuildFile; fileRef = BA4E718619EB6E7900932425 /* MediaPlayer.framework */; };
		C03780EB18BEE0E400FE4F13 /* src */ = {isa = PBXBuildFile; fileRef = C03780EA18BEE0E400FE4F13 /* src */; };
		C05D1C171923467600B808A4 /* config.json */ = {isa = PBXBuildFile; fileRef = C05D1C161923467600B808A4 /* config.json */; };
		C0799CB918BAE62000E9C828 /* res */ = {isa = PBXBuildFile; fileRef = C0799CB518BAE62000E9C828 /* res */; };
		C46B4DC2A13168FA3A1A1BCF /* SDKBoxJSHelper.cpp */ = {isa = PBXBuildFile; fileRef = 35A5491F946038EBE686B97A /* SDKBoxJSHelper.cpp */; };
		D454520C156E22BD00887EB5 /* libz.dylib */ = {isa = PBXBuildFile; fileRef = D454520B156E22BD00887EB5 /* libz.dylib */; };
		D4545227156E28EF00887EB5 /* AppDelegate.cpp */ = {isa = PBXBuildFile; fileRef = D4545215156E28EF00887EB5 /* AppDelegate.cpp */; };
		D6B061241803AB9F0077942B /* CoreMotion.framework */ = {isa = PBXBuildFile; fileRef = D6B061231803AB9F0077942B /* CoreMotion.framework */; };
		DB3D4029AAB23CDACE60FFFA /* CoreMedia.framework */ = {isa = PBXBuildFile; fileRef = 17BA4D3288C01FF2D8571A45 /* CoreMedia.framework */; };
		ED4F4078AF3940FC0D30AA60 /* PluginAdMobJS.cpp */ = {isa = PBXBuildFile; fileRef = 16574B47B708AF58F4B30D8E /* PluginAdMobJS.cpp */; };
		ED545A901B68A25E00C3958E /* libiconv.dylib */ = {isa = PBXBuildFile; fileRef = ED545A8F1B68A25E00C3958E /* libiconv.dylib */; };
		F938432DB8B1B0112F697478 /* CoreVideo.framework */ = {isa = PBXBuildFile; fileRef = 2F784EEE85C3DC3AC32AAAB3 /* CoreVideo.framework */; };
/* End PBXBuildFile section */

/* Begin PBXFileReference section */
		0FB34FE79F63F0A3804EA218 /* GoogleMobileAds.framework */ = {isa = PBXFileReference; lastKnownFileType = wrapper.framework; name = GoogleMobileAds.framework; path = GoogleMobileAds.framework; sourceTree = SOURCE_ROOT; };
		16574B47B708AF58F4B30D8E /* PluginAdMobJS.cpp */ = {isa = PBXFileReference; lastKnownFileType = sourcecode.cpp.cpp; name = PluginAdMobJS.cpp; path = ../Classes/PluginAdMobJS.cpp; sourceTree = SOURCE_ROOT; };
		17BA4D3288C01FF2D8571A45 /* CoreMedia.framework */ = {isa = PBXFileReference; lastKnownFileType = wrapper.framework; name = CoreMedia.framework; path = Platforms/iPhoneOS.platform/Developer/SDKs/iPhoneOS.sdk/System/Library/Frameworks/CoreMedia.framework; sourceTree = DEVELOPER_DIR; };
		1A1A081B18C9DF05005C6854 /* project.json */ = {isa = PBXFileReference; lastKnownFileType = text.json; name = project.json; path = ../../../project.json; sourceTree = "<group>"; };
		1A6BF21418C9DB5900FB0E1C /* main.js */ = {isa = PBXFileReference; fileEncoding = 4; lastKnownFileType = sourcecode.javascript; name = main.js; path = ../../../main.js; sourceTree = "<group>"; };
		1A82F5FA169AC92500C4B13A /* libsqlite3.dylib */ = {isa = PBXFileReference; lastKnownFileType = compiled.mach-o.dylib; name = libsqlite3.dylib; path = usr/lib/libsqlite3.dylib; sourceTree = SDKROOT; };
		1A96A4F2174A3432008653A9 /* libcurl.a */ = {isa = PBXFileReference; lastKnownFileType = archive.ar; name = libcurl.a; path = "$(SRCROOT)/../../../../../sdkbox-cocos2d-x-binary/cocos2dx/platform/third_party/ios/libraries/libcurl.a"; sourceTree = "<group>"; };
		25314D7F96A5964397743D54 /* libjscocos2d iOS.a */ = {isa = PBXFileReference; lastKnownFileType = archive.ar; name = "libjscocos2d iOS.a"; path = "$(SRCROOT)/../../../../../sdkbox-cocos2d-x-binary/prebuilt/ios/libjscocos2d iOS.a"; sourceTree = "<absolute>"; };
		2F784EEE85C3DC3AC32AAAB3 /* CoreVideo.framework */ = {isa = PBXFileReference; lastKnownFileType = wrapper.framework; name = CoreVideo.framework; path = Platforms/iPhoneOS.platform/Developer/SDKs/iPhoneOS.sdk/System/Library/Frameworks/CoreVideo.framework; sourceTree = DEVELOPER_DIR; };
		35A5491F946038EBE686B97A /* SDKBoxJSHelper.cpp */ = {isa = PBXFileReference; lastKnownFileType = sourcecode.cpp.cpp; name = SDKBoxJSHelper.cpp; path = ../Classes/SDKBoxJSHelper.cpp; sourceTree = SOURCE_ROOT; };
		3C104D36A87E361AC1523FB7 /* SystemConfiguration.framework */ = {isa = PBXFileReference; lastKnownFileType = wrapper.framework; name = SystemConfiguration.framework; path = Platforms/iPhoneOS.platform/Developer/SDKs/iPhoneOS.sdk/System/Library/Frameworks/SystemConfiguration.framework; sourceTree = DEVELOPER_DIR; };
		4DAA4C649A04B09394E39F3E /* MobileCoreServices.framework */ = {isa = PBXFileReference; lastKnownFileType = wrapper.framework; name = MobileCoreServices.framework; path = Platforms/iPhoneOS.platform/Developer/SDKs/iPhoneOS.sdk/System/Library/Frameworks/MobileCoreServices.framework; sourceTree = DEVELOPER_DIR; };
		502380DB17EBB88200990C9B /* libcurl.dylib */ = {isa = PBXFileReference; lastKnownFileType = compiled.mach-o.dylib; name = libcurl.dylib; path = usr/lib/libcurl.dylib; sourceTree = SDKROOT; };
		5091731417ECDF7A00D62437 /* Icon-29.png */ = {isa = PBXFileReference; lastKnownFileType = image.png; name = Icon-29.png; path = ios/Icon-29.png; sourceTree = "<group>"; };
		5091731517ECDF7A00D62437 /* Icon-40.png */ = {isa = PBXFileReference; lastKnownFileType = image.png; name = Icon-40.png; path = ios/Icon-40.png; sourceTree = "<group>"; };
		5091731617ECDF7A00D62437 /* Icon-50.png */ = {isa = PBXFileReference; lastKnownFileType = image.png; name = Icon-50.png; path = ios/Icon-50.png; sourceTree = "<group>"; };
		5091731717ECDF7A00D62437 /* Icon-58.png */ = {isa = PBXFileReference; lastKnownFileType = image.png; name = Icon-58.png; path = ios/Icon-58.png; sourceTree = "<group>"; };
		5091731817ECDF7A00D62437 /* Icon-80.png */ = {isa = PBXFileReference; lastKnownFileType = image.png; name = Icon-80.png; path = ios/Icon-80.png; sourceTree = "<group>"; };
		5091731917ECDF7A00D62437 /* Icon-100.png */ = {isa = PBXFileReference; lastKnownFileType = image.png; name = Icon-100.png; path = ios/Icon-100.png; sourceTree = "<group>"; };
		509D4AAB17EBB2AB00697056 /* AppController.h */ = {isa = PBXFileReference; fileEncoding = 4; lastKnownFileType = sourcecode.c.h; name = AppController.h; path = ios/AppController.h; sourceTree = "<group>"; };
		509D4AAC17EBB2AB00697056 /* AppController.mm */ = {isa = PBXFileReference; fileEncoding = 4; lastKnownFileType = sourcecode.cpp.objcpp; name = AppController.mm; path = ios/AppController.mm; sourceTree = "<group>"; };
		509D4AAD17EBB2AB00697056 /* Default-568h@2x.png */ = {isa = PBXFileReference; lastKnownFileType = image.png; name = "Default-568h@2x.png"; path = "ios/Default-568h@2x.png"; sourceTree = "<group>"; };
		509D4AAE17EBB2AB00697056 /* Default.png */ = {isa = PBXFileReference; lastKnownFileType = image.png; name = Default.png; path = ios/Default.png; sourceTree = "<group>"; };
		509D4AAF17EBB2AB00697056 /* Default@2x.png */ = {isa = PBXFileReference; lastKnownFileType = image.png; name = "Default@2x.png"; path = "ios/Default@2x.png"; sourceTree = "<group>"; };
		509D4AB017EBB2AB00697056 /* Icon-57.png */ = {isa = PBXFileReference; lastKnownFileType = image.png; name = Icon-57.png; path = ios/Icon-57.png; sourceTree = "<group>"; };
		509D4AB117EBB2AB00697056 /* Icon-72.png */ = {isa = PBXFileReference; lastKnownFileType = image.png; name = Icon-72.png; path = ios/Icon-72.png; sourceTree = "<group>"; };
		509D4AB217EBB2AB00697056 /* Icon-76.png */ = {isa = PBXFileReference; lastKnownFileType = image.png; name = Icon-76.png; path = ios/Icon-76.png; sourceTree = "<group>"; };
		509D4AB317EBB2AB00697056 /* Icon-114.png */ = {isa = PBXFileReference; lastKnownFileType = image.png; name = Icon-114.png; path = ios/Icon-114.png; sourceTree = "<group>"; };
		509D4AB417EBB2AB00697056 /* Icon-120.png */ = {isa = PBXFileReference; lastKnownFileType = image.png; name = Icon-120.png; path = ios/Icon-120.png; sourceTree = "<group>"; };
		509D4AB517EBB2AB00697056 /* Icon-144.png */ = {isa = PBXFileReference; lastKnownFileType = image.png; name = Icon-144.png; path = ios/Icon-144.png; sourceTree = "<group>"; };
		509D4AB617EBB2AB00697056 /* Icon-152.png */ = {isa = PBXFileReference; lastKnownFileType = image.png; name = Icon-152.png; path = ios/Icon-152.png; sourceTree = "<group>"; };
		509D4AB717EBB2AB00697056 /* Info.plist */ = {isa = PBXFileReference; fileEncoding = 4; lastKnownFileType = text.plist.xml; name = Info.plist; path = ios/Info.plist; sourceTree = "<group>"; };
		509D4AB817EBB2AB00697056 /* main.m */ = {isa = PBXFileReference; fileEncoding = 4; lastKnownFileType = sourcecode.c.objc; name = main.m; path = ios/main.m; sourceTree = "<group>"; };
		509D4AB917EBB2AB00697056 /* Prefix.pch */ = {isa = PBXFileReference; fileEncoding = 4; lastKnownFileType = sourcecode.c.h; name = Prefix.pch; path = ios/Prefix.pch; sourceTree = "<group>"; };
		509D4ABA17EBB2AB00697056 /* RootViewController.h */ = {isa = PBXFileReference; fileEncoding = 4; lastKnownFileType = sourcecode.c.h; name = RootViewController.h; path = ios/RootViewController.h; sourceTree = "<group>"; };
		509D4ABB17EBB2AB00697056 /* RootViewController.mm */ = {isa = PBXFileReference; fileEncoding = 4; lastKnownFileType = sourcecode.cpp.objcpp; name = RootViewController.mm; path = ios/RootViewController.mm; sourceTree = "<group>"; };
		509D4AE617EBB81800697056 /* OpenGL.framework */ = {isa = PBXFileReference; lastKnownFileType = wrapper.framework; name = OpenGL.framework; path = System/Library/Frameworks/OpenGL.framework; sourceTree = SDKROOT; };
		509D4AE817EBB82000697056 /* AppKit.framework */ = {isa = PBXFileReference; lastKnownFileType = wrapper.framework; name = AppKit.framework; path = System/Library/Frameworks/AppKit.framework; sourceTree = SDKROOT; };
		509D4AEA17EBB82600697056 /* IOKit.framework */ = {isa = PBXFileReference; lastKnownFileType = wrapper.framework; name = IOKit.framework; path = System/Library/Frameworks/IOKit.framework; sourceTree = SDKROOT; };
		526041819F61614826BB19BD /* libcocos2d iOS.a */ = {isa = PBXFileReference; lastKnownFileType = archive.ar; name = "libcocos2d iOS.a"; path = "$(SRCROOT)/../../../../../sdkbox-cocos2d-x-binary/prebuilt/ios/libcocos2d iOS.a"; sourceTree = "<absolute>"; };
		556144B093693A0DF6716EE3 /* StoreKit.framework */ = {isa = PBXFileReference; lastKnownFileType = wrapper.framework; name = StoreKit.framework; path = Platforms/iPhoneOS.platform/Developer/SDKs/iPhoneOS.sdk/System/Library/Frameworks/StoreKit.framework; sourceTree = DEVELOPER_DIR; };
		5E8E4356BEDC1B1C3AA27A9D /* CoreBluetooth.framework */ = {isa = PBXFileReference; lastKnownFileType = wrapper.framework; name = CoreBluetooth.framework; path = Platforms/iPhoneOS.platform/Developer/SDKs/iPhoneOS.sdk/System/Library/Frameworks/CoreBluetooth.framework; sourceTree = DEVELOPER_DIR; };
		637E4F799ED5FB73C1BAD80D /* PluginAdMobJSHelper.cpp */ = {isa = PBXFileReference; lastKnownFileType = sourcecode.cpp.cpp; name = PluginAdMobJSHelper.cpp; path = ../Classes/PluginAdMobJSHelper.cpp; sourceTree = SOURCE_ROOT; };
		671A491884E0C7533ED0085C /* script */ = {isa = PBXFileReference; lastKnownFileType = "?"; name = script; path = ../../../script; sourceTree = "<group>"; };
		6DBE45CEBD3D749EEA8760A6 /* EventKitUI.framework */ = {isa = PBXFileReference; lastKnownFileType = wrapper.framework; name = EventKitUI.framework; path = Platforms/iPhoneOS.platform/Developer/SDKs/iPhoneOS.sdk/System/Library/Frameworks/EventKitUI.framework; sourceTree = DEVELOPER_DIR; };
		7BCF43888FB04B48EA5ADEB4 /* SafariServices.framework */ = {isa = PBXFileReference; lastKnownFileType = wrapper.framework; name = SafariServices.framework; path = Platforms/iPhoneOS.platform/Developer/SDKs/iPhoneOS.sdk/System/Library/Frameworks/SafariServices.framework; sourceTree = DEVELOPER_DIR; };
		87D4C4441AB2187000F68C44 /* Security.framework */ = {isa = PBXFileReference; lastKnownFileType = wrapper.framework; name = Security.framework; path = System/Library/Frameworks/Security.framework; sourceTree = SDKROOT; };
		90664B16ACE418A635A5B9C5 /* sdkbox.framework */ = {isa = PBXFileReference; lastKnownFileType = wrapper.framework; name = sdkbox.framework; path = sdkbox.framework; sourceTree = SOURCE_ROOT; };
		9F20C9E11A5BBE85006FB50B /* Security.framework */ = {isa = PBXFileReference; lastKnownFileType = wrapper.framework; name = Security.framework; path = Platforms/iPhoneOS.platform/Developer/SDKs/iPhoneOS8.1.sdk/System/Library/Frameworks/Security.framework; sourceTree = DEVELOPER_DIR; };
		9FFEB99F1A6AB7F70095C43A /* CodeIDESupport.h */ = {isa = PBXFileReference; fileEncoding = 4; lastKnownFileType = sourcecode.c.h; path = CodeIDESupport.h; sourceTree = "<group>"; };
		9FFEB9A01A6AB7F70095C43A /* lang */ = {isa = PBXFileReference; fileEncoding = 4; lastKnownFileType = text; path = lang; sourceTree = "<group>"; };
		9FFEB9A31A6AB7F70095C43A /* RuntimeJsImpl.cpp */ = {isa = PBXFileReference; fileEncoding = 4; lastKnownFileType = sourcecode.cpp.cpp; path = RuntimeJsImpl.cpp; sourceTree = "<group>"; };
		9FFEB9A41A6AB7F70095C43A /* RuntimeJsImpl.h */ = {isa = PBXFileReference; fileEncoding = 4; lastKnownFileType = sourcecode.c.h; path = RuntimeJsImpl.h; sourceTree = "<group>"; };
		9FFEB9A71A6AB7F70095C43A /* js_module_register.h */ = {isa = PBXFileReference; fileEncoding = 4; lastKnownFileType = sourcecode.c.h; path = js_module_register.h; sourceTree = "<group>"; };
		9FFEB9C01A6B86360095C43A /* SimpleConfigParser.cpp */ = {isa = PBXFileReference; fileEncoding = 4; lastKnownFileType = sourcecode.cpp.cpp; path = SimpleConfigParser.cpp; sourceTree = "<group>"; };
		9FFEB9C11A6B86360095C43A /* SimpleConfigParser.h */ = {isa = PBXFileReference; fileEncoding = 4; lastKnownFileType = sourcecode.c.h; path = SimpleConfigParser.h; sourceTree = "<group>"; };
		A5FF43DEBE5E6576C54172BF /* GLKit.framework */ = {isa = PBXFileReference; lastKnownFileType = wrapper.framework; name = GLKit.framework; path = Platforms/iPhoneOS.platform/Developer/SDKs/iPhoneOS.sdk/System/Library/Frameworks/GLKit.framework; sourceTree = DEVELOPER_DIR; };
		A60C4B95A695BCF6DD750B9C /* EventKit.framework */ = {isa = PBXFileReference; lastKnownFileType = wrapper.framework; name = EventKit.framework; path = Platforms/iPhoneOS.platform/Developer/SDKs/iPhoneOS.sdk/System/Library/Frameworks/EventKit.framework; sourceTree = DEVELOPER_DIR; };
		A922753D1517C094001B78AA /* admob_js-mobile.app */ = {isa = PBXFileReference; explicitFileType = wrapper.application; includeInIndex = 0; path = admob_js-mobile.app; sourceTree = BUILT_PRODUCTS_DIR; };
		A92275411517C094001B78AA /* QuartzCore.framework */ = {isa = PBXFileReference; lastKnownFileType = wrapper.framework; name = QuartzCore.framework; path = System/Library/Frameworks/QuartzCore.framework; sourceTree = SDKROOT; };
		A92275431517C094001B78AA /* OpenGLES.framework */ = {isa = PBXFileReference; lastKnownFileType = wrapper.framework; name = OpenGLES.framework; path = System/Library/Frameworks/OpenGLES.framework; sourceTree = SDKROOT; };
		A92275451517C094001B78AA /* OpenAL.framework */ = {isa = PBXFileReference; lastKnownFileType = wrapper.framework; name = OpenAL.framework; path = System/Library/Frameworks/OpenAL.framework; sourceTree = SDKROOT; };
		A92275471517C094001B78AA /* AudioToolbox.framework */ = {isa = PBXFileReference; lastKnownFileType = wrapper.framework; name = AudioToolbox.framework; path = System/Library/Frameworks/AudioToolbox.framework; sourceTree = SDKROOT; };
		A92275491517C094001B78AA /* AVFoundation.framework */ = {isa = PBXFileReference; lastKnownFileType = wrapper.framework; name = AVFoundation.framework; path = System/Library/Frameworks/AVFoundation.framework; sourceTree = SDKROOT; };
		A922754B1517C094001B78AA /* UIKit.framework */ = {isa = PBXFileReference; lastKnownFileType = wrapper.framework; name = UIKit.framework; path = System/Library/Frameworks/UIKit.framework; sourceTree = SDKROOT; };
		A922754D1517C094001B78AA /* Foundation.framework */ = {isa = PBXFileReference; lastKnownFileType = wrapper.framework; name = Foundation.framework; path = System/Library/Frameworks/Foundation.framework; sourceTree = SDKROOT; };
		A922754F1517C094001B78AA /* CoreGraphics.framework */ = {isa = PBXFileReference; lastKnownFileType = wrapper.framework; name = CoreGraphics.framework; path = System/Library/Frameworks/CoreGraphics.framework; sourceTree = SDKROOT; };
		B51349F5B3C7EAA4B257A3AA /* GameController.framework */ = {isa = PBXFileReference; lastKnownFileType = wrapper.framework; name = GameController.framework; path = Platforms/iPhoneOS.platform/Developer/SDKs/iPhoneOS.sdk/System/Library/Frameworks/GameController.framework; sourceTree = DEVELOPER_DIR; };
		B9AC4DC0B3875E61EB930FE6 /* PluginAdMobJS.hpp */ = {isa = PBXFileReference; lastKnownFileType = sourcecode.c.h; name = PluginAdMobJS.hpp; path = ../Classes/PluginAdMobJS.hpp; sourceTree = SOURCE_ROOT; };
		BA4E718619EB6E7900932425 /* MediaPlayer.framework */ = {isa = PBXFileReference; lastKnownFileType = wrapper.framework; name = MediaPlayer.framework; path = Platforms/iPhoneOS.platform/Developer/SDKs/iPhoneOS8.0.sdk/System/Library/Frameworks/MediaPlayer.framework; sourceTree = DEVELOPER_DIR; };
		C03780EA18BEE0E400FE4F13 /* src */ = {isa = PBXFileReference; lastKnownFileType = folder; name = src; path = ../../../src; sourceTree = "<group>"; };
		C05D1C161923467600B808A4 /* config.json */ = {isa = PBXFileReference; fileEncoding = 4; lastKnownFileType = text.json; name = config.json; path = ../../../config.json; sourceTree = "<group>"; };
		C0799CB518BAE62000E9C828 /* res */ = {isa = PBXFileReference; lastKnownFileType = folder; name = res; path = ../../../res; sourceTree = "<group>"; };
		C96C4C6BA69CED17C8DDCB8A /* PluginAdMobJSHelper.h */ = {isa = PBXFileReference; lastKnownFileType = sourcecode.c.h; name = PluginAdMobJSHelper.h; path = ../Classes/PluginAdMobJSHelper.h; sourceTree = SOURCE_ROOT; };
		D10B46818C3F1A4D80C03D82 /* MessageUI.framework */ = {isa = PBXFileReference; lastKnownFileType = wrapper.framework; name = MessageUI.framework; path = Platforms/iPhoneOS.platform/Developer/SDKs/iPhoneOS.sdk/System/Library/Frameworks/MessageUI.framework; sourceTree = DEVELOPER_DIR; };
		D454520B156E22BD00887EB5 /* libz.dylib */ = {isa = PBXFileReference; lastKnownFileType = compiled.mach-o.dylib; name = libz.dylib; path = usr/lib/libz.dylib; sourceTree = SDKROOT; };
		D4545215156E28EF00887EB5 /* AppDelegate.cpp */ = {isa = PBXFileReference; fileEncoding = 4; lastKnownFileType = sourcecode.cpp.cpp; path = AppDelegate.cpp; sourceTree = "<group>"; };
		D4545216156E28EF00887EB5 /* AppDelegate.h */ = {isa = PBXFileReference; fileEncoding = 4; lastKnownFileType = sourcecode.c.h; path = AppDelegate.h; sourceTree = "<group>"; };
		D6B061231803AB9F0077942B /* CoreMotion.framework */ = {isa = PBXFileReference; lastKnownFileType = wrapper.framework; name = CoreMotion.framework; path = Platforms/iPhoneOS.platform/Developer/SDKs/iPhoneOS7.0.sdk/System/Library/Frameworks/CoreMotion.framework; sourceTree = DEVELOPER_DIR; };
		DB4942DC89CF5E304809354C /* libsimulator iOS.a */ = {isa = PBXFileReference; lastKnownFileType = archive.ar; name = "libsimulator iOS.a"; path = "$(SRCROOT)/../../../../../sdkbox-cocos2d-x-binary/prebuilt/ios/libsimulator iOS.a"; sourceTree = "<absolute>"; };
		DEB84E61A5EBE32E9CE2821C /* AdSupport.framework */ = {isa = PBXFileReference; lastKnownFileType = wrapper.framework; name = AdSupport.framework; path = Platforms/iPhoneOS.platform/Developer/SDKs/iPhoneOS.sdk/System/Library/Frameworks/AdSupport.framework; sourceTree = DEVELOPER_DIR; };
		E5934E809998BEB5540BF0ED /* PluginAdMob.framework */ = {isa = PBXFileReference; lastKnownFileType = wrapper.framework; name = PluginAdMob.framework; path = PluginAdMob.framework; sourceTree = SOURCE_ROOT; };
		ED545A8F1B68A25E00C3958E /* libiconv.dylib */ = {isa = PBXFileReference; lastKnownFileType = compiled.mach-o.dylib; name = libiconv.dylib; path = Platforms/iPhoneOS.platform/Developer/SDKs/iPhoneOS8.4.sdk/usr/lib/libiconv.dylib; sourceTree = DEVELOPER_DIR; };
		ED545A911B68A26600C3958E /* libiconv.dylib */ = {isa = PBXFileReference; lastKnownFileType = compiled.mach-o.dylib; name = libiconv.dylib; path = usr/lib/libiconv.dylib; sourceTree = SDKROOT; };
		F426431292E469275F6799B4 /* CFNetwork.framework */ = {isa = PBXFileReference; lastKnownFileType = wrapper.framework; name = CFNetwork.framework; path = Platforms/iPhoneOS.platform/Developer/SDKs/iPhoneOS.sdk/System/Library/Frameworks/CFNetwork.framework; sourceTree = DEVELOPER_DIR; };
		F8A3494AA98172C8E2639DA8 /* CoreTelephony.framework */ = {isa = PBXFileReference; lastKnownFileType = wrapper.framework; name = CoreTelephony.framework; path = Platforms/iPhoneOS.platform/Developer/SDKs/iPhoneOS.sdk/System/Library/Frameworks/CoreTelephony.framework; sourceTree = DEVELOPER_DIR; };
		FEDE48689601C283320219B0 /* SDKBoxJSHelper.h */ = {isa = PBXFileReference; lastKnownFileType = sourcecode.c.h; name = SDKBoxJSHelper.h; path = ../Classes/SDKBoxJSHelper.h; sourceTree = SOURCE_ROOT; };
/* End PBXFileReference section */

/* Begin PBXFrameworksBuildPhase section */
		A922753A1517C094001B78AA /* Frameworks */ = {
			isa = PBXFrameworksBuildPhase;
			buildActionMask = 2147483647;
			files = (
				ED545A901B68A25E00C3958E /* libiconv.dylib */,
				9F20C9E61A5BD38A006FB50B /* Security.framework */,
				BA4E718719EB6E7900932425 /* MediaPlayer.framework */,
				D6B061241803AB9F0077942B /* CoreMotion.framework */,
				1A82F5FB169AC92500C4B13A /* libsqlite3.dylib */,
				D454520C156E22BD00887EB5 /* libz.dylib */,
				A92275421517C094001B78AA /* QuartzCore.framework */,
				A92275441517C094001B78AA /* OpenGLES.framework */,
				A92275461517C094001B78AA /* OpenAL.framework */,
				A92275481517C094001B78AA /* AudioToolbox.framework */,
				A922754A1517C094001B78AA /* AVFoundation.framework */,
				A922754C1517C094001B78AA /* UIKit.framework */,
				A922754E1517C094001B78AA /* Foundation.framework */,
				A92275501517C094001B78AA /* CoreGraphics.framework */,
				6E144EF4830450EE49A515AF /* libcocos2d iOS.a */,
				28614A5582EFCDE41E6DCD96 /* libjscocos2d iOS.a */,
				ADA4461682F4B8DA681731C5 /* libsimulator iOS.a */,
				0C4541E1AF1465567A989916 /* sdkbox.framework */,
				5CFF46A09856C182DED99150 /* PluginAdMob.framework */,
				0A4F4CADB433304E19330723 /* GoogleMobileAds.framework */,
				68484AABB9A2BCCE2480D469 /* AdSupport.framework */,
				DB3D4029AAB23CDACE60FFFA /* CoreMedia.framework */,
				99704F8FB2BC87B47CC24B32 /* CoreTelephony.framework */,
				B9624A9E90F1FA3430ED064B /* EventKit.framework */,
				3509443C9D49A0D1FC59A542 /* EventKitUI.framework */,
				1DDE4734ACBFA1AB55CB47EA /* MessageUI.framework */,
				03CD41C18430737519CD1542 /* StoreKit.framework */,
				4B4C4B429E63BAC79B6EA05A /* SystemConfiguration.framework */,
				480A4FB2B1D35EE074522509 /* GameController.framework */,
				72AF4DF98606162170848190 /* GLKit.framework */,
				F938432DB8B1B0112F697478 /* CoreVideo.framework */,
				072844CCA0FA39E16D6B3DEA /* CoreBluetooth.framework */,
				A4A94355AE86799A94C0BB5B /* SafariServices.framework */,
				83224A44BF3A10D22A9B81BB /* MobileCoreServices.framework */,
				09B3450D807D7BB79AD6EE3B /* CFNetwork.framework */,
			);
			runOnlyForDeploymentPostprocessing = 0;
		};
/* End PBXFrameworksBuildPhase section */

/* Begin PBXGroup section */
		15628F5B15F0F5C2000CF24B /* Resources */ = {
			isa = PBXGroup;
			children = (
				C05D1C161923467600B808A4 /* config.json */,
				1A1A081B18C9DF05005C6854 /* project.json */,
				1A6BF21418C9DB5900FB0E1C /* main.js */,
				C0799CB518BAE62000E9C828 /* res */,
				C03780EA18BEE0E400FE4F13 /* src */,
			);
			name = Resources;
			sourceTree = "<group>";
		};
		5091732E17ECDF8A00D62437 /* Icons */ = {
			isa = PBXGroup;
			children = (
				5091731417ECDF7A00D62437 /* Icon-29.png */,
				5091731517ECDF7A00D62437 /* Icon-40.png */,
				5091731617ECDF7A00D62437 /* Icon-50.png */,
				5091731717ECDF7A00D62437 /* Icon-58.png */,
				5091731817ECDF7A00D62437 /* Icon-80.png */,
				5091731917ECDF7A00D62437 /* Icon-100.png */,
				509D4AB017EBB2AB00697056 /* Icon-57.png */,
				509D4AB117EBB2AB00697056 /* Icon-72.png */,
				509D4AB217EBB2AB00697056 /* Icon-76.png */,
				509D4AB317EBB2AB00697056 /* Icon-114.png */,
				509D4AB417EBB2AB00697056 /* Icon-120.png */,
				509D4AB517EBB2AB00697056 /* Icon-144.png */,
				509D4AB617EBB2AB00697056 /* Icon-152.png */,
			);
			name = Icons;
			sourceTree = "<group>";
		};
		9FFEB99E1A6AB7F70095C43A /* ide-support */ = {
			isa = PBXGroup;
			children = (
				9FFEB9C01A6B86360095C43A /* SimpleConfigParser.cpp */,
				9FFEB9C11A6B86360095C43A /* SimpleConfigParser.h */,
				9FFEB99F1A6AB7F70095C43A /* CodeIDESupport.h */,
				9FFEB9A01A6AB7F70095C43A /* lang */,
				9FFEB9A31A6AB7F70095C43A /* RuntimeJsImpl.cpp */,
				9FFEB9A41A6AB7F70095C43A /* RuntimeJsImpl.h */,
			);
			path = ide-support;
			sourceTree = "<group>";
		};
		A92275321517C094001B78AA /*  */ = {
			isa = PBXGroup;
			children = (
				C06D18B718C02D4A003D1A65 /* JS Common */,
				D4545214156E28EF00887EB5 /* Classes */,
				A92275401517C094001B78AA /* Frameworks */,
				D45446CC156DE73F00887EB5 /* ios */,
				A922753E1517C094001B78AA /* Products */,
				15628F5B15F0F5C2000CF24B /* Resources */,
				B2C749EAA329864FCB8D27C7 /* ios-libs */,
			);
			sourceTree = "<group>";
		};
		A922753E1517C094001B78AA /* Products */ = {
			isa = PBXGroup;
			children = (
				A922753D1517C094001B78AA /* admob_js-mobile.app */,
			);
			name = Products;
			sourceTree = "<group>";
		};
		A92275401517C094001B78AA /* Frameworks */ = {
			isa = PBXGroup;
			children = (
				ED545A911B68A26600C3958E /* libiconv.dylib */,
				ED545A8F1B68A25E00C3958E /* libiconv.dylib */,
				87D4C4441AB2187000F68C44 /* Security.framework */,
				9F20C9E11A5BBE85006FB50B /* Security.framework */,
				D6B061231803AB9F0077942B /* CoreMotion.framework */,
				502380DB17EBB88200990C9B /* libcurl.dylib */,
				509D4AEA17EBB82600697056 /* IOKit.framework */,
				509D4AE817EBB82000697056 /* AppKit.framework */,
				509D4AE617EBB81800697056 /* OpenGL.framework */,
				1A96A4F2174A3432008653A9 /* libcurl.a */,
				1A82F5FA169AC92500C4B13A /* libsqlite3.dylib */,
				D454520B156E22BD00887EB5 /* libz.dylib */,
				A92275411517C094001B78AA /* QuartzCore.framework */,
				A92275431517C094001B78AA /* OpenGLES.framework */,
				A92275451517C094001B78AA /* OpenAL.framework */,
				A92275471517C094001B78AA /* AudioToolbox.framework */,
				A92275491517C094001B78AA /* AVFoundation.framework */,
				A922754B1517C094001B78AA /* UIKit.framework */,
				A922754D1517C094001B78AA /* Foundation.framework */,
				A922754F1517C094001B78AA /* CoreGraphics.framework */,
				90664B16ACE418A635A5B9C5 /* sdkbox.framework */,
				E5934E809998BEB5540BF0ED /* PluginAdMob.framework */,
				0FB34FE79F63F0A3804EA218 /* GoogleMobileAds.framework */,
				DEB84E61A5EBE32E9CE2821C /* AdSupport.framework */,
				17BA4D3288C01FF2D8571A45 /* CoreMedia.framework */,
				F8A3494AA98172C8E2639DA8 /* CoreTelephony.framework */,
				A60C4B95A695BCF6DD750B9C /* EventKit.framework */,
				6DBE45CEBD3D749EEA8760A6 /* EventKitUI.framework */,
				D10B46818C3F1A4D80C03D82 /* MessageUI.framework */,
				556144B093693A0DF6716EE3 /* StoreKit.framework */,
				3C104D36A87E361AC1523FB7 /* SystemConfiguration.framework */,
				B51349F5B3C7EAA4B257A3AA /* GameController.framework */,
				A5FF43DEBE5E6576C54172BF /* GLKit.framework */,
				2F784EEE85C3DC3AC32AAAB3 /* CoreVideo.framework */,
				5E8E4356BEDC1B1C3AA27A9D /* CoreBluetooth.framework */,
				7BCF43888FB04B48EA5ADEB4 /* SafariServices.framework */,
				4DAA4C649A04B09394E39F3E /* MobileCoreServices.framework */,
				F426431292E469275F6799B4 /* CFNetwork.framework */,
			);
			name = Frameworks;
			sourceTree = "<group>";
		};
		B2C749EAA329864FCB8D27C7 /* ios-libs */ = {
			isa = PBXGroup;
			children = (
				526041819F61614826BB19BD /* libcocos2d iOS.a */,
				25314D7F96A5964397743D54 /* libjscocos2d iOS.a */,
				DB4942DC89CF5E304809354C /* libsimulator iOS.a */,
			);
			name = ios-libs;
			sourceTree = "<group>";
		};
		C06D18B718C02D4A003D1A65 /* JS Common */ = {
			isa = PBXGroup;
			children = (
				671A491884E0C7533ED0085C /* script */,
			);
			name = "JS Common";
			sourceTree = "<group>";
		};
		D45446CC156DE73F00887EB5 /* ios */ = {
			isa = PBXGroup;
			children = (
				509D4AAB17EBB2AB00697056 /* AppController.h */,
				509D4AAC17EBB2AB00697056 /* AppController.mm */,
				509D4AAD17EBB2AB00697056 /* Default-568h@2x.png */,
				509D4AAE17EBB2AB00697056 /* Default.png */,
				509D4AAF17EBB2AB00697056 /* Default@2x.png */,
				5091732E17ECDF8A00D62437 /* Icons */,
				509D4AB717EBB2AB00697056 /* Info.plist */,
				509D4AB817EBB2AB00697056 /* main.m */,
				509D4AB917EBB2AB00697056 /* Prefix.pch */,
				509D4ABA17EBB2AB00697056 /* RootViewController.h */,
				509D4ABB17EBB2AB00697056 /* RootViewController.mm */,
			);
			name = ios;
			sourceTree = "<group>";
		};
		D4545214156E28EF00887EB5 /* Classes */ = {
			isa = PBXGroup;
			children = (
				9FFEB99E1A6AB7F70095C43A /* ide-support */,
				9FFEB9A71A6AB7F70095C43A /* js_module_register.h */,
				D4545215156E28EF00887EB5 /* AppDelegate.cpp */,
				D4545216156E28EF00887EB5 /* AppDelegate.h */,
				16574B47B708AF58F4B30D8E /* PluginAdMobJS.cpp */,
				B9AC4DC0B3875E61EB930FE6 /* PluginAdMobJS.hpp */,
				637E4F799ED5FB73C1BAD80D /* PluginAdMobJSHelper.cpp */,
				C96C4C6BA69CED17C8DDCB8A /* PluginAdMobJSHelper.h */,
				35A5491F946038EBE686B97A /* SDKBoxJSHelper.cpp */,
				FEDE48689601C283320219B0 /* SDKBoxJSHelper.h */,
			);
			name = Classes;
			path = ../Classes;
			sourceTree = "<group>";
		};
/* End PBXGroup section */

/* Begin PBXNativeTarget section */
		A922753C1517C094001B78AA /* admob_js-mobile */ = {
			isa = PBXNativeTarget;
			buildConfigurationList = A92277001517C097001B78AA /* Build configuration list for PBXNativeTarget "admob_js-mobile" */;
			buildPhases = (
				A92275391517C094001B78AA /* Sources */,
				A922753A1517C094001B78AA /* Frameworks */,
				A922753B1517C094001B78AA /* Resources */,
				3EC03834196541CD00D72B70 /* ShellScript */,
			);
			buildRules = (
			);
			dependencies = (
			);
			name = admob_js-mobile;
			productName = admob_js;
			productReference = A922753D1517C094001B78AA /* admob_js-mobile.app */;
			productType = com.apple.product-type.application;
		};
/* End PBXNativeTarget section */

/* Begin PBXProject section */
		A92275341517C094001B78AA /* Project Object */ = {
			isa = PBXProject;
			attributes = {
				LastUpgradeCheck = 0500;
			};
			buildConfigurationList = A92275371517C094001B78AA /* Build configuration list for PBXProject "Unity-iPhone" */;
			compatibilityVersion = "Xcode 3.2";
			developmentRegion = English;
			hasScannedForEncodings = 0;
			knownRegions = (
				en,
				Base,
				zh-Hans,
			);
			mainGroup = A92275321517C094001B78AA /*  */;
			productRefGroup = A922753E1517C094001B78AA /* Products */;
			projectDirPath = "";
			projectRoot = "";
			targets = (
				A922753C1517C094001B78AA /* admob_js-mobile */,
			);
		};
/* End PBXProject section */

/* Begin PBXResourcesBuildPhase section */
		A922753B1517C094001B78AA /* Resources */ = {
			isa = PBXResourcesBuildPhase;
			buildActionMask = 2147483647;
			files = (
				1AE159EC18C9DF3600FCA372 /* project.json */,
				1AD7E0A818C9DB93004817A6 /* main.js */,
				509D4ABE17EBB2AB00697056 /* Default.png */,
				C05D1C171923467600B808A4 /* config.json */,
				5091731E17ECDF7A00D62437 /* Icon-80.png */,
				5091731F17ECDF7A00D62437 /* Icon-100.png */,
				509D4AC117EBB2AB00697056 /* Icon-72.png */,
				509D4AC017EBB2AB00697056 /* Icon-57.png */,
				5091731A17ECDF7A00D62437 /* Icon-29.png */,
				C03780EB18BEE0E400FE4F13 /* src */,
				509D4AC617EBB2AB00697056 /* Icon-152.png */,
				C0799CB918BAE62000E9C828 /* res */,
				509D4AC517EBB2AB00697056 /* Icon-144.png */,
				509D4AC317EBB2AB00697056 /* Icon-114.png */,
				509D4ABD17EBB2AB00697056 /* Default-568h@2x.png */,
				509D4ABF17EBB2AB00697056 /* Default@2x.png */,
				509D4AC217EBB2AB00697056 /* Icon-76.png */,
				5091731B17ECDF7A00D62437 /* Icon-40.png */,
				5091731C17ECDF7A00D62437 /* Icon-50.png */,
				509D4AC417EBB2AB00697056 /* Icon-120.png */,
				5091731D17ECDF7A00D62437 /* Icon-58.png */,
				498B452C9E98B6E14A9B86D2 /* script */,
			);
			runOnlyForDeploymentPostprocessing = 0;
		};
/* End PBXResourcesBuildPhase section */

/* Begin PBXShellScriptBuildPhase section */
		3EC03834196541CD00D72B70 /* ShellScript */ = {
			isa = PBXShellScriptBuildPhase;
			buildActionMask = 12;
			files = (
			);
			inputPaths = (
			);
			outputPaths = (
			);
			runOnlyForDeploymentPostprocessing = 0;
			shellPath = /bin/sh;
			shellScript = "find ${SRCROOT}/../../../src/ -name \"*\" -exec touch -cm {} \\;\nfind ${SRCROOT}/../../../res/ -name \"*\" -exec touch -cm {} \\;";
		};
/* End PBXShellScriptBuildPhase section */

/* Begin PBXSourcesBuildPhase section */
		A92275391517C094001B78AA /* Sources */ = {
			isa = PBXSourcesBuildPhase;
			buildActionMask = 2147483647;
			files = (
				509D4AC917EBB2AB00697056 /* RootViewController.mm */,
				9FFEB9AC1A6AB7F70095C43A /* RuntimeJsImpl.cpp */,
				D4545227156E28EF00887EB5 /* AppDelegate.cpp */,
				509D4AC817EBB2AB00697056 /* main.m */,
				9FFEB9C21A6B86360095C43A /* SimpleConfigParser.cpp */,
				509D4ABC17EBB2AB00697056 /* AppController.mm */,
				ED4F4078AF3940FC0D30AA60 /* PluginAdMobJS.cpp */,
				2DBE49B096801729C2E21AD3 /* PluginAdMobJSHelper.cpp */,
				C46B4DC2A13168FA3A1A1BCF /* SDKBoxJSHelper.cpp */,
			);
			runOnlyForDeploymentPostprocessing = 0;
		};
/* End PBXSourcesBuildPhase section */

/* Begin XCBuildConfiguration section */
		A92276FE1517C097001B78AA /* Debug */ = {
			isa = XCBuildConfiguration;
			buildSettings = {
				ARCHS = "$(ARCHS_STANDARD_32_BIT)";
				CLANG_CXX_LANGUAGE_STANDARD = "c++0x";
				CLANG_CXX_LIBRARY = "libc++";
				COPY_PHASE_STRIP = NO;
				GCC_C_LANGUAGE_STANDARD = c99;
				GCC_OPTIMIZATION_LEVEL = 0;
				GCC_PREPROCESSOR_DEFINITIONS = (
					"COCOS2D_DEBUG=1",
					USE_FILE32API,
					COCOS2D_JAVASCRIPT,
					CC_ENABLE_CHIPMUNK_INTEGRATION,
				);
				GCC_SYMBOLS_PRIVATE_EXTERN = NO;
				GCC_WARN_ABOUT_RETURN_TYPE = YES;
				GCC_WARN_UNUSED_VARIABLE = YES;
				HEADER_SEARCH_PATHS = "";
				IPHONEOS_DEPLOYMENT_TARGET = 6.0;
				MACOSX_DEPLOYMENT_TARGET = 10.8;
				ONLY_ACTIVE_ARCH = YES;
				PRODUCT_NAME = "$(TARGET_NAME)";
				USER_HEADER_SEARCH_PATHS = "$(SRCROOT)/../../../../../sdkbox-cocos2d-x-binary $(SRCROOT)/../../../../../sdkbox-cocos2d-x-binary/cocos $(SRCROOT)/../../../../../sdkbox-cocos2d-x-binary/cocos/base $(SRCROOT)/../../../../../sdkbox-cocos2d-x-binary/cocos/physics $(SRCROOT)/../../../../../sdkbox-cocos2d-x-binary/cocos/math/kazmath $(SRCROOT)/../../../../../sdkbox-cocos2d-x-binary/cocos/2d $(SRCROOT)/../../../../../sdkbox-cocos2d-x-binary/cocos/gui $(SRCROOT)/../../../../../sdkbox-cocos2d-x-binary/cocos/network $(SRCROOT)/../../../../../sdkbox-cocos2d-x-binary/cocos/audio/include $(SRCROOT)/../../../../../sdkbox-cocos2d-x-binary/cocos/editor-support $(SRCROOT)/../../../../../sdkbox-cocos2d-x-binary/extensions $(SRCROOT)/../../../../../sdkbox-cocos2d-x-binary/external $(SRCROOT)/../../../../../sdkbox-cocos2d-x-binary/external/chipmunk/include/chipmunk $(SRCROOT)/../../../../../sdkbox-cocos2d-x-binary/cocos/scripting/js-bindings/auto $(SRCROOT)/../../../../../sdkbox-cocos2d-x-binary/cocos/scripting/js-bindings/manual";
			};
			name = Debug;
		};
		A92276FF1517C097001B78AA /* Release */ = {
			isa = XCBuildConfiguration;
			buildSettings = {
				ARCHS = "$(ARCHS_STANDARD_32_BIT)";
				CLANG_CXX_LANGUAGE_STANDARD = "c++0x";
				CLANG_CXX_LIBRARY = "libc++";
				GCC_C_LANGUAGE_STANDARD = c99;
				GCC_PREPROCESSOR_DEFINITIONS = (
					NDEBUG,
					USE_FILE32API,
					COCOS2D_JAVASCRIPT,
					CC_ENABLE_CHIPMUNK_INTEGRATION,
				);
				GCC_WARN_ABOUT_RETURN_TYPE = YES;
				GCC_WARN_UNUSED_VARIABLE = YES;
				HEADER_SEARCH_PATHS = "";
				IPHONEOS_DEPLOYMENT_TARGET = 6.0;
				MACOSX_DEPLOYMENT_TARGET = 10.8;
				OTHER_CFLAGS = "-DNS_BLOCK_ASSERTIONS=1";
				PRODUCT_NAME = "$(TARGET_NAME)";
				USER_HEADER_SEARCH_PATHS = "$(SRCROOT)/../../../../../sdkbox-cocos2d-x-binary $(SRCROOT)/../../../../../sdkbox-cocos2d-x-binary/cocos $(SRCROOT)/../../../../../sdkbox-cocos2d-x-binary/cocos/base $(SRCROOT)/../../../../../sdkbox-cocos2d-x-binary/cocos/physics $(SRCROOT)/../../../../../sdkbox-cocos2d-x-binary/cocos/math/kazmath $(SRCROOT)/../../../../../sdkbox-cocos2d-x-binary/cocos/2d $(SRCROOT)/../../../../../sdkbox-cocos2d-x-binary/cocos/gui $(SRCROOT)/../../../../../sdkbox-cocos2d-x-binary/cocos/network $(SRCROOT)/../../../../../sdkbox-cocos2d-x-binary/cocos/audio/include $(SRCROOT)/../../../../../sdkbox-cocos2d-x-binary/cocos/editor-support $(SRCROOT)/../../../../../sdkbox-cocos2d-x-binary/extensions $(SRCROOT)/../../../../../sdkbox-cocos2d-x-binary/external $(SRCROOT)/../../../../../sdkbox-cocos2d-x-binary/external/chipmunk/include/chipmunk $(SRCROOT)/../../../../../sdkbox-cocos2d-x-binary/cocos/scripting/js-bindings/auto $(SRCROOT)/../../../../../sdkbox-cocos2d-x-binary/cocos/scripting/js-bindings/manual";
				VALIDATE_PRODUCT = YES;
			};
			name = Release;
		};
		A92277011517C097001B78AA /* Debug */ = {
			isa = XCBuildConfiguration;
			buildSettings = {
				ALWAYS_SEARCH_USER_PATHS = YES;
				CODE_SIGN_IDENTITY = "iPhone Developer";
				COMPRESS_PNG_FILES = NO;
				ENABLE_BITCODE = NO;
				FRAMEWORK_SEARCH_PATHS = (
					"\"$(SRCROOT)\"",
				);
				GCC_DYNAMIC_NO_PIC = NO;
				GCC_PRECOMPILE_PREFIX_HEADER = YES;
				GCC_PREFIX_HEADER = ios/Prefix.pch;
				GCC_PREPROCESSOR_DEFINITIONS = (
					CC_TARGET_OS_IPHONE,
					"$(inherited)",
				);
				GCC_SYMBOLS_PRIVATE_EXTERN = YES;
				HEADER_SEARCH_PATHS = (
					"$(SRCROOT)/../Classes",
					"$(SRCROOT)/../../../../../sdkbox-cocos2d-x-binary/tools/simulator/libsimulator/lib/",
					"$(SRCROOT)/../../../../../sdkbox-cocos2d-x-binary/tools/simulator/libsimulator/lib/protobuf-lite",
				);
				INFOPLIST_FILE = ios/Info.plist;
				IPHONEOS_DEPLOYMENT_TARGET = 6.0;
				LIBRARY_SEARCH_PATHS = (
					" $(SRCROOT)/../../../../../sdkbox-cocos2d-x-binary/prebuilt/ios",
					"\"sdkbox.framework\"",
					"\"PluginAdMob.framework\"",
					"\"GoogleMobileAds.framework\"",
				);
				OTHER_CFLAGS = (
					-DSDKBOX_ENABLED,
				);
				OTHER_LDFLAGS = (
					"",
					-ObjC,
				);
				SDKROOT = iphoneos;
				TARGETED_DEVICE_FAMILY = "1,2";
				USER_HEADER_SEARCH_PATHS = "$(inherited) $(SRCROOT)/../../../../../sdkbox-cocos2d-x-binary/cocos $(SRCROOT)/../../../../../sdkbox-cocos2d-x-binary/cocos/platform/ios $(SRCROOT)/../../../../../sdkbox-cocos2d-x-binary/external/spidermonkey/include/ios $(SRCROOT)/../../../../../sdkbox-cocos2d-x-binary/plugin/jsbindings/auto $(SRCROOT)/../../../../../sdkbox-cocos2d-x-binary/plugin/jsbindings/manual $(SRCROOT)/../../../../../sdkbox-cocos2d-x-binary/external/curl/include/ios";
				VALID_ARCHS = "arm64 armv7";
			};
			name = Debug;
		};
		A92277021517C097001B78AA /* Release */ = {
			isa = XCBuildConfiguration;
			buildSettings = {
				ALWAYS_SEARCH_USER_PATHS = YES;
				CODE_SIGN_IDENTITY = "iPhone Developer";
				COMPRESS_PNG_FILES = NO;
				ENABLE_BITCODE = NO;
				FRAMEWORK_SEARCH_PATHS = (
					"\"$(SRCROOT)\"",
				);
				GCC_GENERATE_DEBUGGING_SYMBOLS = NO;
				GCC_PRECOMPILE_PREFIX_HEADER = YES;
				GCC_PREFIX_HEADER = ios/Prefix.pch;
				GCC_PREPROCESSOR_DEFINITIONS = (
					CC_TARGET_OS_IPHONE,
					"$(inherited)",
				);
				GCC_SYMBOLS_PRIVATE_EXTERN = YES;
				HEADER_SEARCH_PATHS = (
					"$(SRCROOT)/../Classes",
					"$(SRCROOT)/../../../../../sdkbox-cocos2d-x-binary/tools/simulator/libsimulator/lib/",
					"$(SRCROOT)/../../../../../sdkbox-cocos2d-x-binary/tools/simulator/libsimulator/lib/protobuf-lite",
				);
				INFOPLIST_FILE = ios/Info.plist;
				IPHONEOS_DEPLOYMENT_TARGET = 6.0;
				LIBRARY_SEARCH_PATHS = (
					" $(SRCROOT)/../../../../../sdkbox-cocos2d-x-binary/prebuilt/ios",
					"\"sdkbox.framework\"",
					"\"PluginAdMob.framework\"",
					"\"GoogleMobileAds.framework\"",
				);
				OTHER_CFLAGS = (
					-DSDKBOX_ENABLED,
				);
				OTHER_LDFLAGS = (
					"",
					-ObjC,
				);
				SDKROOT = iphoneos;
				TARGETED_DEVICE_FAMILY = "1,2";
				USER_HEADER_SEARCH_PATHS = "$(inherited) $(SRCROOT)/../../../../../sdkbox-cocos2d-x-binary/cocos $(SRCROOT)/../../../../../sdkbox-cocos2d-x-binary/cocos/platform/ios $(SRCROOT)/../../../../../sdkbox-cocos2d-x-binary/external/spidermonkey/include/ios $(SRCROOT)/../../../../../sdkbox-cocos2d-x-binary/plugin/jsbindings/auto $(SRCROOT)/../../../../../sdkbox-cocos2d-x-binary/plugin/jsbindings/manual $(SRCROOT)/../../../../../sdkbox-cocos2d-x-binary/external/curl/include/ios";
				VALID_ARCHS = "arm64 armv7";
			};
			name = Release;
		};
/* End XCBuildConfiguration section */

/* Begin XCConfigurationList section */
		A92275371517C094001B78AA /* Build configuration list for PBXProject "Unity-iPhone" */ = {
			isa = XCConfigurationList;
			buildConfigurations = (
				A92276FE1517C097001B78AA /* Debug */,
				A92276FF1517C097001B78AA /* Release */,
			);
			defaultConfigurationIsVisible = 0;
			defaultConfigurationName = Release;
		};
		A92277001517C097001B78AA /* Build configuration list for PBXNativeTarget "admob_js-mobile" */ = {
			isa = XCConfigurationList;
			buildConfigurations = (
				A92277011517C097001B78AA /* Debug */,
				A92277021517C097001B78AA /* Release */,
			);
			defaultConfigurationIsVisible = 0;
			defaultConfigurationName = Release;
		};
/* End XCConfigurationList section */
	};
	rootObject = A92275341517C094001B78AA /* Project Object */;
}