// !$*UTF8*$!
{
	archiveVersion = 1;
	classes = {
	};
	objectVersion = 46;
	objects = {

/* Begin PBXBuildFile section */
		01FE48CE987C1505B95E4744 /* libsimulator iOS.a */ = {isa = PBXBuildFile; fileRef = C39F4EA6B9087FA84FAC007D /* libsimulator iOS.a */; };
		07D544AA8C19B1C3D4D66C61 /* CoreBluetooth.framework */ = {isa = PBXBuildFile; fileRef = E94A4B558B0E08A18B6B52D9 /* CoreBluetooth.framework */; };
		08E249CC9C9E78453356BB6F /* MessageUI.framework */ = {isa = PBXBuildFile; fileRef = B7C44CAEB2F78AE7E67093B3 /* MessageUI.framework */; };
		0D5C46AFAD62EB9D05E28D47 /* CoreVideo.framework */ = {isa = PBXBuildFile; fileRef = B7A84F15A1E59BCD52CB2987 /* CoreVideo.framework */; };
		15A8A4491834C64F00142BE0 /* Icon-114.png */ = {isa = PBXBuildFile; fileRef = 5023810C17EBBCAC00990C9B /* Icon-114.png */; };
		1A85469EBA59CFEEE403F5D2 /* sdkbox.framework */ = {isa = PBXBuildFile; fileRef = 74764B38BAB43648787C3AAC /* sdkbox.framework */; };
		1AF4C403178663F200122817 /* libz.dylib */ = {isa = PBXBuildFile; fileRef = 1AF4C402178663F200122817 /* libz.dylib */; };
		1DA54EB29B385DAFC6BCD7A2 /* MobileCoreServices.framework */ = {isa = PBXBuildFile; fileRef = 74494D36ABCD5B6F9A1A81F8 /* MobileCoreServices.framework */; };
		247447258CF83AA892933C95 /* AdSupport.framework */ = {isa = PBXBuildFile; fileRef = 1C394635AC304698CF530963 /* AdSupport.framework */; };
		3CB24A528FA3FE683259B082 /* EventKitUI.framework */ = {isa = PBXBuildFile; fileRef = C0024222A65EB6D6332BDF3D /* EventKitUI.framework */; };
		3EEEDB61197107C0006A9FF8 /* MediaPlayer.framework */ = {isa = PBXBuildFile; fileRef = 3EEEDB60197107C0006A9FF8 /* MediaPlayer.framework */; };
		44F04DA286A5DF17F3940ACE /* libluacocos2d iOS.a */ = {isa = PBXBuildFile; fileRef = 74504302983F5C5C58C8380A /* libluacocos2d iOS.a */; };
		4CDD4C8A980D3C8CE3356780 /* PluginAdMob.framework */ = {isa = PBXBuildFile; fileRef = 1A3A4BABAC143688D36AEC9B /* PluginAdMob.framework */; };
		4CEA41D8829093CDBE7A4B4A /* GLKit.framework */ = {isa = PBXBuildFile; fileRef = 7C2E4E6D84E79C7A2AFAE02F /* GLKit.framework */; };
		4FBA41DD857653C8B87BD26D /* StoreKit.framework */ = {isa = PBXBuildFile; fileRef = D4284121B8F09DFE910479EC /* StoreKit.framework */; };
		5023811817EBBCAC00990C9B /* AppController.mm */ = {isa = PBXBuildFile; fileRef = 5023810817EBBCAC00990C9B /* AppController.mm */; };
		5023811917EBBCAC00990C9B /* Default-568h@2x.png */ = {isa = PBXBuildFile; fileRef = 5023810917EBBCAC00990C9B /* Default-568h@2x.png */; };
		5023811A17EBBCAC00990C9B /* Default.png */ = {isa = PBXBuildFile; fileRef = 5023810A17EBBCAC00990C9B /* Default.png */; };
		5023811B17EBBCAC00990C9B /* Default@2x.png */ = {isa = PBXBuildFile; fileRef = 5023810B17EBBCAC00990C9B /* Default@2x.png */; };
		5023811D17EBBCAC00990C9B /* Icon-120.png */ = {isa = PBXBuildFile; fileRef = 5023810D17EBBCAC00990C9B /* Icon-120.png */; };
		5023811E17EBBCAC00990C9B /* Icon-144.png */ = {isa = PBXBuildFile; fileRef = 5023810E17EBBCAC00990C9B /* Icon-144.png */; };
		5023811F17EBBCAC00990C9B /* Icon-152.png */ = {isa = PBXBuildFile; fileRef = 5023810F17EBBCAC00990C9B /* Icon-152.png */; };
		5023812017EBBCAC00990C9B /* Icon-57.png */ = {isa = PBXBuildFile; fileRef = 5023811017EBBCAC00990C9B /* Icon-57.png */; };
		5023812117EBBCAC00990C9B /* Icon-72.png */ = {isa = PBXBuildFile; fileRef = 5023811117EBBCAC00990C9B /* Icon-72.png */; };
		5023812217EBBCAC00990C9B /* Icon-76.png */ = {isa = PBXBuildFile; fileRef = 5023811217EBBCAC00990C9B /* Icon-76.png */; };
		5023812417EBBCAC00990C9B /* main.m */ = {isa = PBXBuildFile; fileRef = 5023811417EBBCAC00990C9B /* main.m */; };
		5023812517EBBCAC00990C9B /* RootViewController.mm */ = {isa = PBXBuildFile; fileRef = 5023811717EBBCAC00990C9B /* RootViewController.mm */; };
		5023817A17EBBE8300990C9B /* OpenGLES.framework */ = {isa = PBXBuildFile; fileRef = 5023817917EBBE8300990C9B /* OpenGLES.framework */; };
		50805AAF17EBBEAA004CFAD3 /* UIKit.framework */ = {isa = PBXBuildFile; fileRef = 50805AAE17EBBEAA004CFAD3 /* UIKit.framework */; };
		5091733617ECE17A00D62437 /* Icon-29.png */ = {isa = PBXBuildFile; fileRef = 5091733017ECE17A00D62437 /* Icon-29.png */; };
		5091733717ECE17A00D62437 /* Icon-40.png */ = {isa = PBXBuildFile; fileRef = 5091733117ECE17A00D62437 /* Icon-40.png */; };
		5091733817ECE17A00D62437 /* Icon-50.png */ = {isa = PBXBuildFile; fileRef = 5091733217ECE17A00D62437 /* Icon-50.png */; };
		5091733917ECE17A00D62437 /* Icon-58.png */ = {isa = PBXBuildFile; fileRef = 5091733317ECE17A00D62437 /* Icon-58.png */; };
		5091733A17ECE17A00D62437 /* Icon-80.png */ = {isa = PBXBuildFile; fileRef = 5091733417ECE17A00D62437 /* Icon-80.png */; };
		5091733B17ECE17A00D62437 /* Icon-100.png */ = {isa = PBXBuildFile; fileRef = 5091733517ECE17A00D62437 /* Icon-100.png */; };
		5200BECA1A53D9A500AC45E4 /* Security.framework */ = {isa = PBXBuildFile; fileRef = 5200BEC91A53D9A500AC45E4 /* Security.framework */; };
		520D437D88573FB88D53B44A /* PluginAdMobLua.cpp */ = {isa = PBXBuildFile; fileRef = 6A7C47858149B9E1F1A343E0 /* PluginAdMobLua.cpp */; };
		521A8E7019F0C3D200D177D7 /* Default-667h@2x.png */ = {isa = PBXBuildFile; fileRef = 521A8E6E19F0C3D200D177D7 /* Default-667h@2x.png */; };
		521A8E7119F0C3D200D177D7 /* Default-736h@3x.png */ = {isa = PBXBuildFile; fileRef = 521A8E6F19F0C3D200D177D7 /* Default-736h@3x.png */; };
		5CF44AA38A00C9F59E39D879 /* libcocos2d iOS.a */ = {isa = PBXBuildFile; fileRef = 55AA4481BDB4DD681262F849 /* libcocos2d iOS.a */; };
		66204E20BCA8BC29FF90713F /* EventKit.framework */ = {isa = PBXBuildFile; fileRef = C93D49EB9BEC17747B131692 /* EventKit.framework */; };
		85D14A119FE4C8880A1330B9 /* SystemConfiguration.framework */ = {isa = PBXBuildFile; fileRef = B7F149169D7702644B57BF57 /* SystemConfiguration.framework */; };
		9FA3AE4E1BE9BCC900FC9645 /* CFNetwork.framework */ = {isa = PBXBuildFile; fileRef = 9FA3AE4D1BE9BCC900FC9645 /* CFNetwork.framework */; };
		9FC760451A677A4A00D1E6E7 /* SimpleConfigParser.cpp */ = {isa = PBXBuildFile; fileRef = 9FC760411A67791200D1E6E7 /* SimpleConfigParser.cpp */; };
		9FFE009F1ACCF59E00D6E35A /* lua_debugger.c */ = {isa = PBXBuildFile; fileRef = 9FFE009B1ACCF59E00D6E35A /* lua_debugger.c */; };
		9FFE00A11ACCF59E00D6E35A /* RuntimeLuaImpl.cpp */ = {isa = PBXBuildFile; fileRef = 9FFE009D1ACCF59E00D6E35A /* RuntimeLuaImpl.cpp */; };
		C03781B918BF655400FE4F13 /* res */ = {isa = PBXBuildFile; fileRef = C03781B718BF655400FE4F13 /* res */; };
		C03781BB18BF655400FE4F13 /* src */ = {isa = PBXBuildFile; fileRef = C03781B818BF655400FE4F13 /* src */; };
		C05D1C121923449100B808A4 /* config.json */ = {isa = PBXBuildFile; fileRef = C05D1C111923449100B808A4 /* config.json */; };
		C07940FB9EFDE841387D247B /* PluginAdMobLuaHelper.cpp */ = {isa = PBXBuildFile; fileRef = 408B4DBF89C20441B4154303 /* PluginAdMobLuaHelper.cpp */; };
		CC9A4906991618E846611B31 /* GameController.framework */ = {isa = PBXBuildFile; fileRef = 29DC4B09B663783FA0FEA496 /* GameController.framework */; };
		CD95414CBDA58186CA9A7004 /* CoreMedia.framework */ = {isa = PBXBuildFile; fileRef = 25394F26B9094A2C586EA32D /* CoreMedia.framework */; };
		D6B061351803AC000077942B /* CoreMotion.framework */ = {isa = PBXBuildFile; fileRef = D6B061341803AC000077942B /* CoreMotion.framework */; };
		DCEC488491DA02AFF6D10A71 /* SDKBoxLuaHelper.cpp */ = {isa = PBXBuildFile; fileRef = 9D38433C99E010911A4910B5 /* SDKBoxLuaHelper.cpp */; };
		E7E5459F9B022791AA0CDE69 /* CoreTelephony.framework */ = {isa = PBXBuildFile; fileRef = D6A5490AAE014A58A32CF60C /* CoreTelephony.framework */; };
		ED545A891B68A23E00C3958E /* libiconv.dylib */ = {isa = PBXBuildFile; fileRef = ED545A881B68A23E00C3958E /* libiconv.dylib */; };
		ED7142DAA26B155807B67ACF /* SafariServices.framework */ = {isa = PBXBuildFile; fileRef = A2E84AC6B2C26BA2B305327D /* SafariServices.framework */; };
		F293B3CD15EB7BE500256477 /* QuartzCore.framework */ = {isa = PBXBuildFile; fileRef = F293B3CC15EB7BE500256477 /* QuartzCore.framework */; };
		F293B3D115EB7BE500256477 /* OpenAL.framework */ = {isa = PBXBuildFile; fileRef = F293B3D015EB7BE500256477 /* OpenAL.framework */; };
		F293B3D315EB7BE500256477 /* AudioToolbox.framework */ = {isa = PBXBuildFile; fileRef = F293B3D215EB7BE500256477 /* AudioToolbox.framework */; };
		F293B3D515EB7BE500256477 /* AVFoundation.framework */ = {isa = PBXBuildFile; fileRef = F293B3D415EB7BE500256477 /* AVFoundation.framework */; };
		F293B3D915EB7BE500256477 /* Foundation.framework */ = {isa = PBXBuildFile; fileRef = F293B3D815EB7BE500256477 /* Foundation.framework */; };
		F293B3DB15EB7BE500256477 /* CoreGraphics.framework */ = {isa = PBXBuildFile; fileRef = F293B3DA15EB7BE500256477 /* CoreGraphics.framework */; };
		F293BB9C15EB831F00256477 /* AppDelegate.cpp */ = {isa = PBXBuildFile; fileRef = F293BB7E15EB831F00256477 /* AppDelegate.cpp */; };
		F77F4CF5804F159FE24965C6 /* GoogleMobileAds.framework */ = {isa = PBXBuildFile; fileRef = 36694A67944429F1F471757E /* GoogleMobileAds.framework */; };
/* End PBXBuildFile section */

/* Begin PBXFileReference section */
		15427CE2198F237300DC375D /* lua_module_register.h */ = {isa = PBXFileReference; fileEncoding = 4; lastKnownFileType = sourcecode.c.h; name = lua_module_register.h; path = ../Classes/lua_module_register.h; sourceTree = "<group>"; };
		15A8A4871834C90E00142BE0 /* libcurl.dylib */ = {isa = PBXFileReference; lastKnownFileType = compiled.mach-o.dylib; name = libcurl.dylib; path = usr/lib/libcurl.dylib; sourceTree = SDKROOT; };
		15C1568D1683131500D239F2 /* libcurl.a */ = {isa = PBXFileReference; lastKnownFileType = archive.ar; name = libcurl.a; path = ../../cocos2d-x/cocos2dx/platform/third_party/ios/libraries/libcurl.a; sourceTree = "<group>"; };
		1A3A4BABAC143688D36AEC9B /* PluginAdMob.framework */ = {isa = PBXFileReference; lastKnownFileType = wrapper.framework; name = PluginAdMob.framework; path = PluginAdMob.framework; sourceTree = SOURCE_ROOT; };
		1AF4C402178663F200122817 /* libz.dylib */ = {isa = PBXFileReference; lastKnownFileType = compiled.mach-o.dylib; name = libz.dylib; path = usr/lib/libz.dylib; sourceTree = SDKROOT; };
		1C394635AC304698CF530963 /* AdSupport.framework */ = {isa = PBXFileReference; lastKnownFileType = wrapper.framework; name = AdSupport.framework; path = Platforms/iPhoneOS.platform/Developer/SDKs/iPhoneOS.sdk/System/Library/Frameworks/AdSupport.framework; sourceTree = DEVELOPER_DIR; };
		25394F26B9094A2C586EA32D /* CoreMedia.framework */ = {isa = PBXFileReference; lastKnownFileType = wrapper.framework; name = CoreMedia.framework; path = Platforms/iPhoneOS.platform/Developer/SDKs/iPhoneOS.sdk/System/Library/Frameworks/CoreMedia.framework; sourceTree = DEVELOPER_DIR; };
		29DC4B09B663783FA0FEA496 /* GameController.framework */ = {isa = PBXFileReference; lastKnownFileType = wrapper.framework; name = GameController.framework; path = Platforms/iPhoneOS.platform/Developer/SDKs/iPhoneOS.sdk/System/Library/Frameworks/GameController.framework; sourceTree = DEVELOPER_DIR; };
		36694A67944429F1F471757E /* GoogleMobileAds.framework */ = {isa = PBXFileReference; lastKnownFileType = wrapper.framework; name = GoogleMobileAds.framework; path = GoogleMobileAds.framework; sourceTree = SOURCE_ROOT; };
		3EEEDB60197107C0006A9FF8 /* MediaPlayer.framework */ = {isa = PBXFileReference; lastKnownFileType = wrapper.framework; name = MediaPlayer.framework; path = Platforms/iPhoneOS.platform/Developer/SDKs/iPhoneOS7.1.sdk/System/Library/Frameworks/MediaPlayer.framework; sourceTree = DEVELOPER_DIR; };
		408B4DBF89C20441B4154303 /* PluginAdMobLuaHelper.cpp */ = {isa = PBXFileReference; lastKnownFileType = sourcecode.cpp.cpp; name = PluginAdMobLuaHelper.cpp; path = ../Classes/PluginAdMobLuaHelper.cpp; sourceTree = SOURCE_ROOT; };
		5023810717EBBCAC00990C9B /* AppController.h */ = {isa = PBXFileReference; fileEncoding = 4; lastKnownFileType = sourcecode.c.h; path = AppController.h; sourceTree = "<group>"; };
		5023810817EBBCAC00990C9B /* AppController.mm */ = {isa = PBXFileReference; fileEncoding = 4; lastKnownFileType = sourcecode.cpp.objcpp; path = AppController.mm; sourceTree = "<group>"; };
		5023810917EBBCAC00990C9B /* Default-568h@2x.png */ = {isa = PBXFileReference; lastKnownFileType = image.png; path = "Default-568h@2x.png"; sourceTree = "<group>"; };
		5023810A17EBBCAC00990C9B /* Default.png */ = {isa = PBXFileReference; lastKnownFileType = image.png; path = Default.png; sourceTree = "<group>"; };
		5023810B17EBBCAC00990C9B /* Default@2x.png */ = {isa = PBXFileReference; lastKnownFileType = image.png; path = "Default@2x.png"; sourceTree = "<group>"; };
		5023810C17EBBCAC00990C9B /* Icon-114.png */ = {isa = PBXFileReference; lastKnownFileType = image.png; path = Icon-114.png; sourceTree = "<group>"; };
		5023810D17EBBCAC00990C9B /* Icon-120.png */ = {isa = PBXFileReference; lastKnownFileType = image.png; path = Icon-120.png; sourceTree = "<group>"; };
		5023810E17EBBCAC00990C9B /* Icon-144.png */ = {isa = PBXFileReference; lastKnownFileType = image.png; path = Icon-144.png; sourceTree = "<group>"; };
		5023810F17EBBCAC00990C9B /* Icon-152.png */ = {isa = PBXFileReference; lastKnownFileType = image.png; path = Icon-152.png; sourceTree = "<group>"; };
		5023811017EBBCAC00990C9B /* Icon-57.png */ = {isa = PBXFileReference; lastKnownFileType = image.png; path = Icon-57.png; sourceTree = "<group>"; };
		5023811117EBBCAC00990C9B /* Icon-72.png */ = {isa = PBXFileReference; lastKnownFileType = image.png; path = Icon-72.png; sourceTree = "<group>"; };
		5023811217EBBCAC00990C9B /* Icon-76.png */ = {isa = PBXFileReference; lastKnownFileType = image.png; path = Icon-76.png; sourceTree = "<group>"; };
		5023811317EBBCAC00990C9B /* Info.plist */ = {isa = PBXFileReference; fileEncoding = 4; lastKnownFileType = text.plist.xml; path = Info.plist; sourceTree = "<group>"; };
		5023811417EBBCAC00990C9B /* main.m */ = {isa = PBXFileReference; fileEncoding = 4; lastKnownFileType = sourcecode.c.objc; path = main.m; sourceTree = "<group>"; };
		5023811517EBBCAC00990C9B /* Prefix.pch */ = {isa = PBXFileReference; fileEncoding = 4; lastKnownFileType = sourcecode.c.h; path = Prefix.pch; sourceTree = "<group>"; };
		5023811617EBBCAC00990C9B /* RootViewController.h */ = {isa = PBXFileReference; fileEncoding = 4; lastKnownFileType = sourcecode.c.h; path = RootViewController.h; sourceTree = "<group>"; };
		5023811717EBBCAC00990C9B /* RootViewController.mm */ = {isa = PBXFileReference; fileEncoding = 4; lastKnownFileType = sourcecode.cpp.objcpp; path = RootViewController.mm; sourceTree = "<group>"; };
		5023817917EBBE8300990C9B /* OpenGLES.framework */ = {isa = PBXFileReference; lastKnownFileType = wrapper.framework; name = OpenGLES.framework; path = Platforms/iPhoneOS.platform/Developer/SDKs/iPhoneOS7.0.sdk/System/Library/Frameworks/OpenGLES.framework; sourceTree = DEVELOPER_DIR; };
		50805AAE17EBBEAA004CFAD3 /* UIKit.framework */ = {isa = PBXFileReference; lastKnownFileType = wrapper.framework; name = UIKit.framework; path = Platforms/iPhoneOS.platform/Developer/SDKs/iPhoneOS7.0.sdk/System/Library/Frameworks/UIKit.framework; sourceTree = DEVELOPER_DIR; };
		5091733017ECE17A00D62437 /* Icon-29.png */ = {isa = PBXFileReference; lastKnownFileType = image.png; path = Icon-29.png; sourceTree = "<group>"; };
		5091733117ECE17A00D62437 /* Icon-40.png */ = {isa = PBXFileReference; lastKnownFileType = image.png; path = Icon-40.png; sourceTree = "<group>"; };
		5091733217ECE17A00D62437 /* Icon-50.png */ = {isa = PBXFileReference; lastKnownFileType = image.png; path = Icon-50.png; sourceTree = "<group>"; };
		5091733317ECE17A00D62437 /* Icon-58.png */ = {isa = PBXFileReference; lastKnownFileType = image.png; path = Icon-58.png; sourceTree = "<group>"; };
		5091733417ECE17A00D62437 /* Icon-80.png */ = {isa = PBXFileReference; lastKnownFileType = image.png; path = Icon-80.png; sourceTree = "<group>"; };
		5091733517ECE17A00D62437 /* Icon-100.png */ = {isa = PBXFileReference; lastKnownFileType = image.png; path = Icon-100.png; sourceTree = "<group>"; };
		50D7C96B17EBBEDF005D0B91 /* OpenGL.framework */ = {isa = PBXFileReference; lastKnownFileType = wrapper.framework; name = OpenGL.framework; path = System/Library/Frameworks/OpenGL.framework; sourceTree = SDKROOT; };
		50D7C96D17EBBEE6005D0B91 /* AppKit.framework */ = {isa = PBXFileReference; lastKnownFileType = wrapper.framework; name = AppKit.framework; path = System/Library/Frameworks/AppKit.framework; sourceTree = SDKROOT; };
		50D7C96F17EBBEEC005D0B91 /* IOKit.framework */ = {isa = PBXFileReference; lastKnownFileType = wrapper.framework; name = IOKit.framework; path = System/Library/Frameworks/IOKit.framework; sourceTree = SDKROOT; };
		5200BEC91A53D9A500AC45E4 /* Security.framework */ = {isa = PBXFileReference; lastKnownFileType = wrapper.framework; name = Security.framework; path = Platforms/iPhoneOS.platform/Developer/SDKs/iPhoneOS8.1.sdk/System/Library/Frameworks/Security.framework; sourceTree = DEVELOPER_DIR; };
		521A8E6E19F0C3D200D177D7 /* Default-667h@2x.png */ = {isa = PBXFileReference; lastKnownFileType = image.png; path = "Default-667h@2x.png"; sourceTree = "<group>"; };
		521A8E6F19F0C3D200D177D7 /* Default-736h@3x.png */ = {isa = PBXFileReference; lastKnownFileType = image.png; path = "Default-736h@3x.png"; sourceTree = "<group>"; };
		55AA4481BDB4DD681262F849 /* libcocos2d iOS.a */ = {isa = PBXFileReference; lastKnownFileType = archive.ar; name = "libcocos2d iOS.a"; path = "$(SRCROOT)/../../../../../sdkbox-cocos2d-x-binary/prebuilt/ios/libcocos2d iOS.a"; sourceTree = "<absolute>"; };
		6A7C47858149B9E1F1A343E0 /* PluginAdMobLua.cpp */ = {isa = PBXFileReference; lastKnownFileType = sourcecode.cpp.cpp; name = PluginAdMobLua.cpp; path = ../Classes/PluginAdMobLua.cpp; sourceTree = SOURCE_ROOT; };
		74494D36ABCD5B6F9A1A81F8 /* MobileCoreServices.framework */ = {isa = PBXFileReference; lastKnownFileType = wrapper.framework; name = MobileCoreServices.framework; path = Platforms/iPhoneOS.platform/Developer/SDKs/iPhoneOS.sdk/System/Library/Frameworks/MobileCoreServices.framework; sourceTree = DEVELOPER_DIR; };
		74504302983F5C5C58C8380A /* libluacocos2d iOS.a */ = {isa = PBXFileReference; lastKnownFileType = archive.ar; name = "libluacocos2d iOS.a"; path = "$(SRCROOT)/../../../../../sdkbox-cocos2d-x-binary/prebuilt/ios/libluacocos2d iOS.a"; sourceTree = "<absolute>"; };
		74764B38BAB43648787C3AAC /* sdkbox.framework */ = {isa = PBXFileReference; lastKnownFileType = wrapper.framework; name = sdkbox.framework; path = sdkbox.framework; sourceTree = SOURCE_ROOT; };
		7C2E4E6D84E79C7A2AFAE02F /* GLKit.framework */ = {isa = PBXFileReference; lastKnownFileType = wrapper.framework; name = GLKit.framework; path = Platforms/iPhoneOS.platform/Developer/SDKs/iPhoneOS.sdk/System/Library/Frameworks/GLKit.framework; sourceTree = DEVELOPER_DIR; };
		9D38433C99E010911A4910B5 /* SDKBoxLuaHelper.cpp */ = {isa = PBXFileReference; lastKnownFileType = sourcecode.cpp.cpp; name = SDKBoxLuaHelper.cpp; path = ../Classes/SDKBoxLuaHelper.cpp; sourceTree = SOURCE_ROOT; };
		9EA74A8FB68A30454315EC3F /* PluginAdMobLuaHelper.h */ = {isa = PBXFileReference; lastKnownFileType = sourcecode.c.h; name = PluginAdMobLuaHelper.h; path = ../Classes/PluginAdMobLuaHelper.h; sourceTree = SOURCE_ROOT; };
		9FA3AE4D1BE9BCC900FC9645 /* CFNetwork.framework */ = {isa = PBXFileReference; lastKnownFileType = wrapper.framework; name = CFNetwork.framework; path = Platforms/iPhoneOS.platform/Developer/SDKs/iPhoneOS8.0.sdk/System/Library/Frameworks/CFNetwork.framework; sourceTree = DEVELOPER_DIR; };
		9FC7603F1A67791200D1E6E7 /* CodeIDESupport.h */ = {isa = PBXFileReference; fileEncoding = 4; lastKnownFileType = sourcecode.c.h; path = CodeIDESupport.h; sourceTree = "<group>"; };
		9FC760401A67791200D1E6E7 /* lang */ = {isa = PBXFileReference; fileEncoding = 4; lastKnownFileType = text; path = lang; sourceTree = "<group>"; };
		9FC760411A67791200D1E6E7 /* SimpleConfigParser.cpp */ = {isa = PBXFileReference; fileEncoding = 4; lastKnownFileType = sourcecode.cpp.cpp; path = SimpleConfigParser.cpp; sourceTree = "<group>"; };
		9FC760421A67791200D1E6E7 /* SimpleConfigParser.h */ = {isa = PBXFileReference; fileEncoding = 4; lastKnownFileType = sourcecode.c.h; path = SimpleConfigParser.h; sourceTree = "<group>"; };
		9FFE009B1ACCF59E00D6E35A /* lua_debugger.c */ = {isa = PBXFileReference; fileEncoding = 4; lastKnownFileType = sourcecode.c.c; path = lua_debugger.c; sourceTree = "<group>"; };
		9FFE009C1ACCF59E00D6E35A /* lua_debugger.h */ = {isa = PBXFileReference; fileEncoding = 4; lastKnownFileType = sourcecode.c.h; path = lua_debugger.h; sourceTree = "<group>"; };
		9FFE009D1ACCF59E00D6E35A /* RuntimeLuaImpl.cpp */ = {isa = PBXFileReference; fileEncoding = 4; lastKnownFileType = sourcecode.cpp.cpp; path = RuntimeLuaImpl.cpp; sourceTree = "<group>"; };
		9FFE009E1ACCF59E00D6E35A /* RuntimeLuaImpl.h */ = {isa = PBXFileReference; fileEncoding = 4; lastKnownFileType = sourcecode.c.h; path = RuntimeLuaImpl.h; sourceTree = "<group>"; };
		A2E84AC6B2C26BA2B305327D /* SafariServices.framework */ = {isa = PBXFileReference; lastKnownFileType = wrapper.framework; name = SafariServices.framework; path = Platforms/iPhoneOS.platform/Developer/SDKs/iPhoneOS.sdk/System/Library/Frameworks/SafariServices.framework; sourceTree = DEVELOPER_DIR; };
		B7A84F15A1E59BCD52CB2987 /* CoreVideo.framework */ = {isa = PBXFileReference; lastKnownFileType = wrapper.framework; name = CoreVideo.framework; path = Platforms/iPhoneOS.platform/Developer/SDKs/iPhoneOS.sdk/System/Library/Frameworks/CoreVideo.framework; sourceTree = DEVELOPER_DIR; };
		B7C44CAEB2F78AE7E67093B3 /* MessageUI.framework */ = {isa = PBXFileReference; lastKnownFileType = wrapper.framework; name = MessageUI.framework; path = Platforms/iPhoneOS.platform/Developer/SDKs/iPhoneOS.sdk/System/Library/Frameworks/MessageUI.framework; sourceTree = DEVELOPER_DIR; };
		B7F149169D7702644B57BF57 /* SystemConfiguration.framework */ = {isa = PBXFileReference; lastKnownFileType = wrapper.framework; name = SystemConfiguration.framework; path = Platforms/iPhoneOS.platform/Developer/SDKs/iPhoneOS.sdk/System/Library/Frameworks/SystemConfiguration.framework; sourceTree = DEVELOPER_DIR; };
		C0024222A65EB6D6332BDF3D /* EventKitUI.framework */ = {isa = PBXFileReference; lastKnownFileType = wrapper.framework; name = EventKitUI.framework; path = Platforms/iPhoneOS.platform/Developer/SDKs/iPhoneOS.sdk/System/Library/Frameworks/EventKitUI.framework; sourceTree = DEVELOPER_DIR; };
		C03781B718BF655400FE4F13 /* res */ = {isa = PBXFileReference; lastKnownFileType = folder; name = res; path = ../../../res; sourceTree = "<group>"; };
		C03781B818BF655400FE4F13 /* src */ = {isa = PBXFileReference; lastKnownFileType = folder; name = src; path = ../../../src; sourceTree = "<group>"; };
		C05D1C111923449100B808A4 /* config.json */ = {isa = PBXFileReference; fileEncoding = 4; lastKnownFileType = text.json; name = config.json; path = ../../../config.json; sourceTree = "<group>"; };
		C39F4EA6B9087FA84FAC007D /* libsimulator iOS.a */ = {isa = PBXFileReference; lastKnownFileType = archive.ar; name = "libsimulator iOS.a"; path = "$(SRCROOT)/../../../../../sdkbox-cocos2d-x-binary/prebuilt/ios/libsimulator iOS.a"; sourceTree = "<absolute>"; };
		C93D49EB9BEC17747B131692 /* EventKit.framework */ = {isa = PBXFileReference; lastKnownFileType = wrapper.framework; name = EventKit.framework; path = Platforms/iPhoneOS.platform/Developer/SDKs/iPhoneOS.sdk/System/Library/Frameworks/EventKit.framework; sourceTree = DEVELOPER_DIR; };
		D4284121B8F09DFE910479EC /* StoreKit.framework */ = {isa = PBXFileReference; lastKnownFileType = wrapper.framework; name = StoreKit.framework; path = Platforms/iPhoneOS.platform/Developer/SDKs/iPhoneOS.sdk/System/Library/Frameworks/StoreKit.framework; sourceTree = DEVELOPER_DIR; };
		D6A5490AAE014A58A32CF60C /* CoreTelephony.framework */ = {isa = PBXFileReference; lastKnownFileType = wrapper.framework; name = CoreTelephony.framework; path = Platforms/iPhoneOS.platform/Developer/SDKs/iPhoneOS.sdk/System/Library/Frameworks/CoreTelephony.framework; sourceTree = DEVELOPER_DIR; };
		D6B061341803AC000077942B /* CoreMotion.framework */ = {isa = PBXFileReference; lastKnownFileType = wrapper.framework; name = CoreMotion.framework; path = Platforms/iPhoneOS.platform/Developer/SDKs/iPhoneOS7.0.sdk/System/Library/Frameworks/CoreMotion.framework; sourceTree = DEVELOPER_DIR; };
		DA9E7D871AB1ABCC004B27C8 /* Security.framework */ = {isa = PBXFileReference; lastKnownFileType = wrapper.framework; name = Security.framework; path = System/Library/Frameworks/Security.framework; sourceTree = SDKROOT; };
		E94A4B558B0E08A18B6B52D9 /* CoreBluetooth.framework */ = {isa = PBXFileReference; lastKnownFileType = wrapper.framework; name = CoreBluetooth.framework; path = Platforms/iPhoneOS.platform/Developer/SDKs/iPhoneOS.sdk/System/Library/Frameworks/CoreBluetooth.framework; sourceTree = DEVELOPER_DIR; };
		ED545A881B68A23E00C3958E /* libiconv.dylib */ = {isa = PBXFileReference; lastKnownFileType = compiled.mach-o.dylib; name = libiconv.dylib; path = Platforms/iPhoneOS.platform/Developer/SDKs/iPhoneOS8.4.sdk/usr/lib/libiconv.dylib; sourceTree = DEVELOPER_DIR; };
		ED545A8A1B68A24500C3958E /* libiconv.dylib */ = {isa = PBXFileReference; lastKnownFileType = compiled.mach-o.dylib; name = libiconv.dylib; path = usr/lib/libiconv.dylib; sourceTree = SDKROOT; };
		F293B3C815EB7BE500256477 /* admob_lua-mobile.app */ = {isa = PBXFileReference; explicitFileType = wrapper.application; includeInIndex = 0; path = admob_lua-mobile.app; sourceTree = BUILT_PRODUCTS_DIR; };
		F293B3CC15EB7BE500256477 /* QuartzCore.framework */ = {isa = PBXFileReference; lastKnownFileType = wrapper.framework; name = QuartzCore.framework; path = System/Library/Frameworks/QuartzCore.framework; sourceTree = SDKROOT; };
		F293B3CE15EB7BE500256477 /* OpenGLES.framework */ = {isa = PBXFileReference; lastKnownFileType = wrapper.framework; name = OpenGLES.framework; path = System/Library/Frameworks/OpenGLES.framework; sourceTree = SDKROOT; };
		F293B3D015EB7BE500256477 /* OpenAL.framework */ = {isa = PBXFileReference; lastKnownFileType = wrapper.framework; name = OpenAL.framework; path = System/Library/Frameworks/OpenAL.framework; sourceTree = SDKROOT; };
		F293B3D215EB7BE500256477 /* AudioToolbox.framework */ = {isa = PBXFileReference; lastKnownFileType = wrapper.framework; name = AudioToolbox.framework; path = System/Library/Frameworks/AudioToolbox.framework; sourceTree = SDKROOT; };
		F293B3D415EB7BE500256477 /* AVFoundation.framework */ = {isa = PBXFileReference; lastKnownFileType = wrapper.framework; name = AVFoundation.framework; path = System/Library/Frameworks/AVFoundation.framework; sourceTree = SDKROOT; };
		F293B3D615EB7BE500256477 /* UIKit.framework */ = {isa = PBXFileReference; lastKnownFileType = wrapper.framework; name = UIKit.framework; path = System/Library/Frameworks/UIKit.framework; sourceTree = SDKROOT; };
		F293B3D815EB7BE500256477 /* Foundation.framework */ = {isa = PBXFileReference; lastKnownFileType = wrapper.framework; name = Foundation.framework; path = System/Library/Frameworks/Foundation.framework; sourceTree = SDKROOT; };
		F293B3DA15EB7BE500256477 /* CoreGraphics.framework */ = {isa = PBXFileReference; lastKnownFileType = wrapper.framework; name = CoreGraphics.framework; path = System/Library/Frameworks/CoreGraphics.framework; sourceTree = SDKROOT; };
		F293BB7E15EB831F00256477 /* AppDelegate.cpp */ = {isa = PBXFileReference; fileEncoding = 4; lastKnownFileType = sourcecode.cpp.cpp; name = AppDelegate.cpp; path = ../Classes/AppDelegate.cpp; sourceTree = "<group>"; };
		F293BB7F15EB831F00256477 /* AppDelegate.h */ = {isa = PBXFileReference; fileEncoding = 4; lastKnownFileType = sourcecode.c.h; name = AppDelegate.h; path = ../Classes/AppDelegate.h; sourceTree = "<group>"; };
		F62741E39A834C6338B11FAE /* SDKBoxLuaHelper.h */ = {isa = PBXFileReference; lastKnownFileType = sourcecode.c.h; name = SDKBoxLuaHelper.h; path = ../Classes/SDKBoxLuaHelper.h; sourceTree = SOURCE_ROOT; };
		FCDF41FAA48CC15971A1354E /* PluginAdMobLua.hpp */ = {isa = PBXFileReference; lastKnownFileType = sourcecode.c.h; name = PluginAdMobLua.hpp; path = ../Classes/PluginAdMobLua.hpp; sourceTree = SOURCE_ROOT; };
/* End PBXFileReference section */

/* Begin PBXFrameworksBuildPhase section */
		F293B3C515EB7BE500256477 /* Frameworks */ = {
			isa = PBXFrameworksBuildPhase;
			buildActionMask = 2147483647;
			files = (
				9FA3AE4E1BE9BCC900FC9645 /* CFNetwork.framework */,
				ED545A891B68A23E00C3958E /* libiconv.dylib */,
				5200BECA1A53D9A500AC45E4 /* Security.framework */,
				3EEEDB61197107C0006A9FF8 /* MediaPlayer.framework */,
				D6B061351803AC000077942B /* CoreMotion.framework */,
				1AF4C403178663F200122817 /* libz.dylib */,
				50805AAF17EBBEAA004CFAD3 /* UIKit.framework */,
				5023817A17EBBE8300990C9B /* OpenGLES.framework */,
				F293B3CD15EB7BE500256477 /* QuartzCore.framework */,
				F293B3D115EB7BE500256477 /* OpenAL.framework */,
				F293B3D315EB7BE500256477 /* AudioToolbox.framework */,
				F293B3D515EB7BE500256477 /* AVFoundation.framework */,
				F293B3D915EB7BE500256477 /* Foundation.framework */,
				F293B3DB15EB7BE500256477 /* CoreGraphics.framework */,
				5CF44AA38A00C9F59E39D879 /* libcocos2d iOS.a */,
				44F04DA286A5DF17F3940ACE /* libluacocos2d iOS.a */,
				01FE48CE987C1505B95E4744 /* libsimulator iOS.a */,
				1A85469EBA59CFEEE403F5D2 /* sdkbox.framework */,
				4CDD4C8A980D3C8CE3356780 /* PluginAdMob.framework */,
				F77F4CF5804F159FE24965C6 /* GoogleMobileAds.framework */,
				247447258CF83AA892933C95 /* AdSupport.framework */,
				CD95414CBDA58186CA9A7004 /* CoreMedia.framework */,
				E7E5459F9B022791AA0CDE69 /* CoreTelephony.framework */,
				66204E20BCA8BC29FF90713F /* EventKit.framework */,
				3CB24A528FA3FE683259B082 /* EventKitUI.framework */,
				08E249CC9C9E78453356BB6F /* MessageUI.framework */,
				4FBA41DD857653C8B87BD26D /* StoreKit.framework */,
				85D14A119FE4C8880A1330B9 /* SystemConfiguration.framework */,
				CC9A4906991618E846611B31 /* GameController.framework */,
				4CEA41D8829093CDBE7A4B4A /* GLKit.framework */,
				0D5C46AFAD62EB9D05E28D47 /* CoreVideo.framework */,
				07D544AA8C19B1C3D4D66C61 /* CoreBluetooth.framework */,
				ED7142DAA26B155807B67ACF /* SafariServices.framework */,
				1DA54EB29B385DAFC6BCD7A2 /* MobileCoreServices.framework */,
			);
			runOnlyForDeploymentPostprocessing = 0;
		};
/* End PBXFrameworksBuildPhase section */

/* Begin PBXGroup section */
		5023810617EBBCAC00990C9B /* ios */ = {
			isa = PBXGroup;
			children = (
				521A8E6E19F0C3D200D177D7 /* Default-667h@2x.png */,
				521A8E6F19F0C3D200D177D7 /* Default-736h@3x.png */,
				5023810717EBBCAC00990C9B /* AppController.h */,
				5023810817EBBCAC00990C9B /* AppController.mm */,
				5023810917EBBCAC00990C9B /* Default-568h@2x.png */,
				5023810A17EBBCAC00990C9B /* Default.png */,
				5023810B17EBBCAC00990C9B /* Default@2x.png */,
				5091734A17ECE18300D62437 /* Icons */,
				5023811317EBBCAC00990C9B /* Info.plist */,
				5023811417EBBCAC00990C9B /* main.m */,
				5023811517EBBCAC00990C9B /* Prefix.pch */,
				5023811617EBBCAC00990C9B /* RootViewController.h */,
				5023811717EBBCAC00990C9B /* RootViewController.mm */,
			);
			path = ios;
			sourceTree = "<group>";
		};
		5091734A17ECE18300D62437 /* Icons */ = {
			isa = PBXGroup;
			children = (
				5091733017ECE17A00D62437 /* Icon-29.png */,
				5091733117ECE17A00D62437 /* Icon-40.png */,
				5091733217ECE17A00D62437 /* Icon-50.png */,
				5091733317ECE17A00D62437 /* Icon-58.png */,
				5091733417ECE17A00D62437 /* Icon-80.png */,
				5091733517ECE17A00D62437 /* Icon-100.png */,
				5023810C17EBBCAC00990C9B /* Icon-114.png */,
				5023810D17EBBCAC00990C9B /* Icon-120.png */,
				5023810E17EBBCAC00990C9B /* Icon-144.png */,
				5023810F17EBBCAC00990C9B /* Icon-152.png */,
				5023811017EBBCAC00990C9B /* Icon-57.png */,
				5023811117EBBCAC00990C9B /* Icon-72.png */,
				5023811217EBBCAC00990C9B /* Icon-76.png */,
			);
			name = Icons;
			sourceTree = "<group>";
		};
		9FC7603E1A67791200D1E6E7 /* ide-support */ = {
			isa = PBXGroup;
			children = (
				9FFE009B1ACCF59E00D6E35A /* lua_debugger.c */,
				9FFE009C1ACCF59E00D6E35A /* lua_debugger.h */,
				9FFE009D1ACCF59E00D6E35A /* RuntimeLuaImpl.cpp */,
				9FFE009E1ACCF59E00D6E35A /* RuntimeLuaImpl.h */,
				9FC7603F1A67791200D1E6E7 /* CodeIDESupport.h */,
				9FC760401A67791200D1E6E7 /* lang */,
				9FC760411A67791200D1E6E7 /* SimpleConfigParser.cpp */,
				9FC760421A67791200D1E6E7 /* SimpleConfigParser.h */,
			);
			name = ide-support;
			path = ../Classes/ide-support;
			sourceTree = "<group>";
		};
		D32C4CE79E8892DFA08E2451 /* ios-libs */ = {
			isa = PBXGroup;
			children = (
				55AA4481BDB4DD681262F849 /* libcocos2d iOS.a */,
				74504302983F5C5C58C8380A /* libluacocos2d iOS.a */,
				C39F4EA6B9087FA84FAC007D /* libsimulator iOS.a */,
			);
			name = ios-libs;
			sourceTree = "<group>";
		};
		F293B3BD15EB7BE500256477 /*  */ = {
			isa = PBXGroup;
			children = (
				5023810617EBBCAC00990C9B /* ios */,
				F293BB7C15EB830F00256477 /* Classes */,
				F293B3CB15EB7BE500256477 /* Frameworks */,
				F293B3C915EB7BE500256477 /* Products */,
				F293BC4615EB859D00256477 /* Resources */,
				D32C4CE79E8892DFA08E2451 /* ios-libs */,
			);
			sourceTree = "<group>";
		};
		F293B3C915EB7BE500256477 /* Products */ = {
			isa = PBXGroup;
			children = (
				F293B3C815EB7BE500256477 /* admob_lua-mobile.app */,
			);
			name = Products;
			sourceTree = "<group>";
		};
		F293B3CB15EB7BE500256477 /* Frameworks */ = {
			isa = PBXGroup;
			children = (
				9FA3AE4D1BE9BCC900FC9645 /* CFNetwork.framework */,
				ED545A8A1B68A24500C3958E /* libiconv.dylib */,
				ED545A881B68A23E00C3958E /* libiconv.dylib */,
				DA9E7D871AB1ABCC004B27C8 /* Security.framework */,
				5200BEC91A53D9A500AC45E4 /* Security.framework */,
				3EEEDB60197107C0006A9FF8 /* MediaPlayer.framework */,
				15A8A4871834C90E00142BE0 /* libcurl.dylib */,
				D6B061341803AC000077942B /* CoreMotion.framework */,
				50D7C96F17EBBEEC005D0B91 /* IOKit.framework */,
				50D7C96D17EBBEE6005D0B91 /* AppKit.framework */,
				50D7C96B17EBBEDF005D0B91 /* OpenGL.framework */,
				50805AAE17EBBEAA004CFAD3 /* UIKit.framework */,
				5023817917EBBE8300990C9B /* OpenGLES.framework */,
				1AF4C402178663F200122817 /* libz.dylib */,
				15C1568D1683131500D239F2 /* libcurl.a */,
				F293B3CC15EB7BE500256477 /* QuartzCore.framework */,
				F293B3CE15EB7BE500256477 /* OpenGLES.framework */,
				F293B3D015EB7BE500256477 /* OpenAL.framework */,
				F293B3D215EB7BE500256477 /* AudioToolbox.framework */,
				F293B3D415EB7BE500256477 /* AVFoundation.framework */,
				F293B3D615EB7BE500256477 /* UIKit.framework */,
				F293B3D815EB7BE500256477 /* Foundation.framework */,
				F293B3DA15EB7BE500256477 /* CoreGraphics.framework */,
				74764B38BAB43648787C3AAC /* sdkbox.framework */,
				1A3A4BABAC143688D36AEC9B /* PluginAdMob.framework */,
				36694A67944429F1F471757E /* GoogleMobileAds.framework */,
				1C394635AC304698CF530963 /* AdSupport.framework */,
				25394F26B9094A2C586EA32D /* CoreMedia.framework */,
				D6A5490AAE014A58A32CF60C /* CoreTelephony.framework */,
				C93D49EB9BEC17747B131692 /* EventKit.framework */,
				C0024222A65EB6D6332BDF3D /* EventKitUI.framework */,
				B7C44CAEB2F78AE7E67093B3 /* MessageUI.framework */,
				D4284121B8F09DFE910479EC /* StoreKit.framework */,
				B7F149169D7702644B57BF57 /* SystemConfiguration.framework */,
				29DC4B09B663783FA0FEA496 /* GameController.framework */,
				7C2E4E6D84E79C7A2AFAE02F /* GLKit.framework */,
				B7A84F15A1E59BCD52CB2987 /* CoreVideo.framework */,
				E94A4B558B0E08A18B6B52D9 /* CoreBluetooth.framework */,
				A2E84AC6B2C26BA2B305327D /* SafariServices.framework */,
				74494D36ABCD5B6F9A1A81F8 /* MobileCoreServices.framework */,
			);
			name = Frameworks;
			sourceTree = "<group>";
		};
		F293BB7C15EB830F00256477 /* Classes */ = {
			isa = PBXGroup;
			children = (
				9FC7603E1A67791200D1E6E7 /* ide-support */,
				15427CE2198F237300DC375D /* lua_module_register.h */,
				F293BB7E15EB831F00256477 /* AppDelegate.cpp */,
				F293BB7F15EB831F00256477 /* AppDelegate.h */,
				FCDF41FAA48CC15971A1354E /* PluginAdMobLua.hpp */,
				6A7C47858149B9E1F1A343E0 /* PluginAdMobLua.cpp */,
				9EA74A8FB68A30454315EC3F /* PluginAdMobLuaHelper.h */,
				408B4DBF89C20441B4154303 /* PluginAdMobLuaHelper.cpp */,
				F62741E39A834C6338B11FAE /* SDKBoxLuaHelper.h */,
				9D38433C99E010911A4910B5 /* SDKBoxLuaHelper.cpp */,
			);
			name = Classes;
			sourceTree = "<group>";
		};
		F293BC4615EB859D00256477 /* Resources */ = {
			isa = PBXGroup;
			children = (
				C05D1C111923449100B808A4 /* config.json */,
				C03781B718BF655400FE4F13 /* res */,
				C03781B818BF655400FE4F13 /* src */,
			);
			name = Resources;
			path = ../Resources;
			sourceTree = "<group>";
		};
/* End PBXGroup section */

/* Begin PBXNativeTarget section */
		F293B3C715EB7BE500256477 /* admob_lua-mobile */ = {
			isa = PBXNativeTarget;
			buildConfigurationList = F293B6C415EB7BEA00256477 /* Build configuration list for PBXNativeTarget "admob_lua-mobile" */;
			buildPhases = (
				F293B3C415EB7BE500256477 /* Sources */,
				F293B3C515EB7BE500256477 /* Frameworks */,
				F293B3C615EB7BE500256477 /* Resources */,
				3EC988201966433500A45E0E /* ShellScript */,
			);
			buildRules = (
			);
			dependencies = (
			);
			name = admob_lua-mobile;
			productName = admob_lua;
			productReference = F293B3C815EB7BE500256477 /* admob_lua-mobile.app */;
			productType = com.apple.product-type.application;
		};
/* End PBXNativeTarget section */

/* Begin PBXProject section */
		F293B3BF15EB7BE500256477 /* Project Object */ = {
			isa = PBXProject;
			attributes = {
				LastUpgradeCheck = 0500;
			};
			buildConfigurationList = F293B3C215EB7BE500256477 /* Build configuration list for PBXProject "Unity-iPhone" */;
			compatibilityVersion = "Xcode 3.2";
			developmentRegion = English;
			hasScannedForEncodings = 0;
			knownRegions = (
				en,
				Base,
				zh-Hans,
			);
			mainGroup = F293B3BD15EB7BE500256477 /*  */;
			productRefGroup = F293B3C915EB7BE500256477 /* Products */;
			projectDirPath = "";
			projectRoot = "";
			targets = (
				F293B3C715EB7BE500256477 /* admob_lua-mobile */,
			);
		};
/* End PBXProject section */

/* Begin PBXResourcesBuildPhase section */
		F293B3C615EB7BE500256477 /* Resources */ = {
			isa = PBXResourcesBuildPhase;
			buildActionMask = 2147483647;
			files = (
				15A8A4491834C64F00142BE0 /* Icon-114.png */,
				5023811D17EBBCAC00990C9B /* Icon-120.png */,
				5091733B17ECE17A00D62437 /* Icon-100.png */,
				5023811B17EBBCAC00990C9B /* Default@2x.png */,
				5091733617ECE17A00D62437 /* Icon-29.png */,
				5023811917EBBCAC00990C9B /* Default-568h@2x.png */,
				5091733917ECE17A00D62437 /* Icon-58.png */,
				5023811F17EBBCAC00990C9B /* Icon-152.png */,
				5023812017EBBCAC00990C9B /* Icon-57.png */,
				521A8E7019F0C3D200D177D7 /* Default-667h@2x.png */,
				C03781B918BF655400FE4F13 /* res */,
				5023812217EBBCAC00990C9B /* Icon-76.png */,
				5091733A17ECE17A00D62437 /* Icon-80.png */,
				5091733717ECE17A00D62437 /* Icon-40.png */,
				5023811E17EBBCAC00990C9B /* Icon-144.png */,
				5023811A17EBBCAC00990C9B /* Default.png */,
				C03781BB18BF655400FE4F13 /* src */,
				5091733817ECE17A00D62437 /* Icon-50.png */,
				5023812117EBBCAC00990C9B /* Icon-72.png */,
				C05D1C121923449100B808A4 /* config.json */,
				521A8E7119F0C3D200D177D7 /* Default-736h@3x.png */,
			);
			runOnlyForDeploymentPostprocessing = 0;
		};
/* End PBXResourcesBuildPhase section */

/* Begin PBXShellScriptBuildPhase section */
		3EC988201966433500A45E0E /* ShellScript */ = {
			isa = PBXShellScriptBuildPhase;
			buildActionMask = 2147483647;
			files = (
			);
			inputPaths = (
			);
			outputPaths = (
			);
			runOnlyForDeploymentPostprocessing = 0;
			shellPath = /bin/sh;
			shellScript = "find ${SRCROOT}/../../../src/ -name \"*\" -exec touch -cm {} \\;\nfind ${SRCROOT}/../../../res/ -name \"*\" -exec touch -cm {} \\;";
		};
/* End PBXShellScriptBuildPhase section */

/* Begin PBXSourcesBuildPhase section */
		F293B3C415EB7BE500256477 /* Sources */ = {
			isa = PBXSourcesBuildPhase;
			buildActionMask = 2147483647;
			files = (
				9FC760451A677A4A00D1E6E7 /* SimpleConfigParser.cpp */,
				5023812517EBBCAC00990C9B /* RootViewController.mm */,
				F293BB9C15EB831F00256477 /* AppDelegate.cpp */,
				9FFE009F1ACCF59E00D6E35A /* lua_debugger.c */,
				5023812417EBBCAC00990C9B /* main.m */,
				9FFE00A11ACCF59E00D6E35A /* RuntimeLuaImpl.cpp */,
				5023811817EBBCAC00990C9B /* AppController.mm */,
				520D437D88573FB88D53B44A /* PluginAdMobLua.cpp */,
				C07940FB9EFDE841387D247B /* PluginAdMobLuaHelper.cpp */,
				DCEC488491DA02AFF6D10A71 /* SDKBoxLuaHelper.cpp */,
			);
			runOnlyForDeploymentPostprocessing = 0;
		};
/* End PBXSourcesBuildPhase section */

/* Begin XCBuildConfiguration section */
		F293B6C215EB7BEA00256477 /* Debug */ = {
			isa = XCBuildConfiguration;
			buildSettings = {
				ARCHS = "$(ARCHS_STANDARD_32_BIT)";
				CLANG_CXX_LANGUAGE_STANDARD = "c++0x";
				CLANG_CXX_LIBRARY = "libc++";
				COPY_PHASE_STRIP = NO;
				GCC_C_LANGUAGE_STANDARD = c99;
				GCC_OPTIMIZATION_LEVEL = 0;
				GCC_PREPROCESSOR_DEFINITIONS = (
					DEBUG,
					"COCOS2D_DEBUG=1",
					USE_FILE32API,
					"CC_LUA_ENGINE_ENABLED=1",
					"CC_ENABLE_CHIPMUNK_INTEGRATION=1",
					GLFW_EXPOSE_NATIVE_COCOA,
				);
				GCC_SYMBOLS_PRIVATE_EXTERN = NO;
				GCC_WARN_ABOUT_RETURN_TYPE = YES;
				GCC_WARN_UNUSED_VARIABLE = YES;
				HEADER_SEARCH_PATHS = "";
				IPHONEOS_DEPLOYMENT_TARGET = 6.0;
				ONLY_ACTIVE_ARCH = YES;
				PRODUCT_NAME = "$(TARGET_NAME)";
				USER_HEADER_SEARCH_PATHS = "$(SRCROOT)/../../../../../sdkbox-cocos2d-x-binary $(SRCROOT)/../../../../../sdkbox-cocos2d-x-binary/cocos $(SRCROOT)/../../../../../sdkbox-cocos2d-x-binary/cocos/base $(SRCROOT)/../../../../../sdkbox-cocos2d-x-binary/cocos/physics $(SRCROOT)/../../../../../sdkbox-cocos2d-x-binary/cocos/math/kazmath $(SRCROOT)/../../../../../sdkbox-cocos2d-x-binary/cocos/2d $(SRCROOT)/../../../../../sdkbox-cocos2d-x-binary/cocos/ui $(SRCROOT)/../../../../../sdkbox-cocos2d-x-binary/cocos/network $(SRCROOT)/../../../../../sdkbox-cocos2d-x-binary/cocos/audio/include $(SRCROOT)/../../../../../sdkbox-cocos2d-x-binary/cocos/editor-support $(SRCROOT)/../../../../../sdkbox-cocos2d-x-binary/extensions $(SRCROOT)/../../../../../sdkbox-cocos2d-x-binary/external $(SRCROOT)/../../../../../sdkbox-cocos2d-x-binary/external/chipmunk/include/chipmunk $(SRCROOT)/../../../../../sdkbox-cocos2d-x-binary/external/lua/luajit/include $(SRCROOT)/../../../../../sdkbox-cocos2d-x-binary/external/lua/tolua $(SRCROOT)/../../../../../sdkbox-cocos2d-x-binary/cocos/scripting/lua-bindings/manual $(SRCROOT)/../../../../../sdkbox-cocos2d-x-binary/cocos/scripting/lua-bindings/auto $(SRCROOT)/../../../../../sdkbox-cocos2d-x-binary/tools/simulator/libsimulator/lib $(SRCROOT)/../../../../../sdkbox-cocos2d-x-binary/tools/simulator/libsimulator/lib/protobuf-lite";
			};
			name = Debug;
		};
		F293B6C315EB7BEA00256477 /* Release */ = {
			isa = XCBuildConfiguration;
			buildSettings = {
				ARCHS = "$(ARCHS_STANDARD_32_BIT)";
				CLANG_CXX_LANGUAGE_STANDARD = "c++0x";
				CLANG_CXX_LIBRARY = "libc++";
				GCC_C_LANGUAGE_STANDARD = c99;
				GCC_PREPROCESSOR_DEFINITIONS = (
					NDEBUG,
					USE_FILE32API,
					"CC_LUA_ENGINE_ENABLED=1",
					"CC_ENABLE_CHIPMUNK_INTEGRATION=1",
				);
				GCC_WARN_ABOUT_RETURN_TYPE = YES;
				GCC_WARN_UNUSED_VARIABLE = YES;
				HEADER_SEARCH_PATHS = "";
				IPHONEOS_DEPLOYMENT_TARGET = 6.0;
				OTHER_CFLAGS = "-DNS_BLOCK_ASSERTIONS=1";
				PRODUCT_NAME = "$(TARGET_NAME)";
				USER_HEADER_SEARCH_PATHS = "$(SRCROOT)/../../../../../sdkbox-cocos2d-x-binary $(SRCROOT)/../../../../../sdkbox-cocos2d-x-binary/cocos $(SRCROOT)/../../../../../sdkbox-cocos2d-x-binary/cocos/base $(SRCROOT)/../../../../../sdkbox-cocos2d-x-binary/cocos/physics $(SRCROOT)/../../../../../sdkbox-cocos2d-x-binary/cocos/math/kazmath $(SRCROOT)/../../../../../sdkbox-cocos2d-x-binary/cocos/2d $(SRCROOT)/../../../../../sdkbox-cocos2d-x-binary/cocos/ui $(SRCROOT)/../../../../../sdkbox-cocos2d-x-binary/cocos/network $(SRCROOT)/../../../../../sdkbox-cocos2d-x-binary/cocos/audio/include $(SRCROOT)/../../../../../sdkbox-cocos2d-x-binary/cocos/editor-support $(SRCROOT)/../../../../../sdkbox-cocos2d-x-binary/extensions $(SRCROOT)/../../../../../sdkbox-cocos2d-x-binary/external $(SRCROOT)/../../../../../sdkbox-cocos2d-x-binary/external/chipmunk/include/chipmunk $(SRCROOT)/../../../../../sdkbox-cocos2d-x-binary/external/lua/luajit/include $(SRCROOT)/../../../../../sdkbox-cocos2d-x-binary/external/lua/tolua $(SRCROOT)/../../../../../sdkbox-cocos2d-x-binary/cocos/scripting/lua-bindings/manual $(SRCROOT)/../../../../../sdkbox-cocos2d-x-binary/cocos/scripting/lua-bindings/auto $(SRCROOT)/../../../../../sdkbox-cocos2d-x-binary/tools/simulator/libsimulator/lib $(SRCROOT)/../../../../../sdkbox-cocos2d-x-binary/tools/simulator/libsimulator/lib/protobuf-lite";
				VALIDATE_PRODUCT = YES;
			};
			name = Release;
		};
		F293B6C515EB7BEA00256477 /* Debug */ = {
			isa = XCBuildConfiguration;
			buildSettings = {
				ALWAYS_SEARCH_USER_PATHS = YES;
				CODE_SIGN_IDENTITY = "iPhone Developer";
				COMPRESS_PNG_FILES = NO;
				ENABLE_BITCODE = NO;
				FRAMEWORK_SEARCH_PATHS = (
					"\"$(SRCROOT)\"",
				);
				GCC_DYNAMIC_NO_PIC = NO;
				GCC_PRECOMPILE_PREFIX_HEADER = YES;
				GCC_PREFIX_HEADER = ios/Prefix.pch;
				GCC_PREPROCESSOR_DEFINITIONS = (
					CC_TARGET_OS_IPHONE,
					"$(inherited)",
				);
				HEADER_SEARCH_PATHS = (
					"$(SRCROOT)/../Classes/protobuf-lite",
					"$(SRCROOT)/../Classes",
					"$(SRCROOT)/../../../../../sdkbox-cocos2d-x-binary/tools/simulator/libsimulator/lib",
				);
				INFOPLIST_FILE = ios/Info.plist;
				IPHONEOS_DEPLOYMENT_TARGET = 6.0;
				LIBRARY_SEARCH_PATHS = (
					"$(SRCROOT)/../../../../../sdkbox-cocos2d-x-binary/prebuilt/ios",
					"\"sdkbox.framework\"",
					"\"PluginAdMob.framework\"",
					"\"GoogleMobileAds.framework\"",
				);
				OTHER_CFLAGS = (
					-DSDKBOX_ENABLED,
				);
				OTHER_LDFLAGS = (
					"$(_COCOS_LIB_IOS_BEGIN)",
					"$(_COCOS_LIB_IOS_END)",
					-ObjC,
				);
				"OTHER_LDFLAGS[sdk=iphonesimulator*][arch=x86_64]" = (
					"$(_COCOS_LIB_IOS_BEGIN)",
					"$(_COCOS_LIB_IOS_END)",
					-pagezero_size,
					10000,
					-image_base,
					100000000,
					-ObjC,
				);
				SDKROOT = iphoneos;
				TARGETED_DEVICE_FAMILY = "1,2";
				USER_HEADER_SEARCH_PATHS = "$(inherited) $(SRCROOT)/../../../../../sdkbox-cocos2d-x-binary/cocos/platform/ios $(_COCOS_HEADER_IOS_BEGIN) $(_COCOS_HEADER_IOS_END)";
				VALID_ARCHS = "arm64 armv7";
			};
			name = Debug;
		};
		F293B6C615EB7BEA00256477 /* Release */ = {
			isa = XCBuildConfiguration;
			buildSettings = {
				ALWAYS_SEARCH_USER_PATHS = YES;
				CODE_SIGN_IDENTITY = "iPhone Developer";
				COMPRESS_PNG_FILES = NO;
				ENABLE_BITCODE = NO;
				FRAMEWORK_SEARCH_PATHS = (
					"\"$(SRCROOT)\"",
				);
				GCC_PRECOMPILE_PREFIX_HEADER = YES;
				GCC_PREFIX_HEADER = ios/Prefix.pch;
				GCC_PREPROCESSOR_DEFINITIONS = (
					CC_TARGET_OS_IPHONE,
					"$(inherited)",
				);
				HEADER_SEARCH_PATHS = (
					"$(SRCROOT)/../Classes/protobuf-lite",
					"$(SRCROOT)/../Classes",
					"$(SRCROOT)/../../../../../sdkbox-cocos2d-x-binary/tools/simulator/libsimulator/lib",
				);
				INFOPLIST_FILE = ios/Info.plist;
				IPHONEOS_DEPLOYMENT_TARGET = 6.0;
				LIBRARY_SEARCH_PATHS = (
					"$(SRCROOT)/../../../../../sdkbox-cocos2d-x-binary/prebuilt/ios",
					"\"sdkbox.framework\"",
					"\"PluginAdMob.framework\"",
					"\"GoogleMobileAds.framework\"",
				);
				OTHER_CFLAGS = (
					-DSDKBOX_ENABLED,
				);
				OTHER_LDFLAGS = (
					"$(_COCOS_LIB_IOS_BEGIN)",
					"$(_COCOS_LIB_IOS_END)",
					-ObjC,
				);
				"OTHER_LDFLAGS[sdk=iphonesimulator*][arch=x86_64]" = (
					"$(_COCOS_LIB_IOS_BEGIN)",
					"$(_COCOS_LIB_IOS_END)",
					-pagezero_size,
					10000,
					-image_base,
					100000000,
					-ObjC,
				);
				SDKROOT = iphoneos;
				TARGETED_DEVICE_FAMILY = "1,2";
				USER_HEADER_SEARCH_PATHS = "$(inherited) $(SRCROOT)/../../../../../sdkbox-cocos2d-x-binary/cocos/platform/ios $(_COCOS_HEADER_IOS_BEGIN) $(_COCOS_HEADER_IOS_END)";
				VALID_ARCHS = "arm64 armv7";
			};
			name = Release;
		};
/* End XCBuildConfiguration section */

/* Begin XCConfigurationList section */
		F293B3C215EB7BE500256477 /* Build configuration list for PBXProject "Unity-iPhone" */ = {
			isa = XCConfigurationList;
			buildConfigurations = (
				F293B6C215EB7BEA00256477 /* Debug */,
				F293B6C315EB7BEA00256477 /* Release */,
			);
			defaultConfigurationIsVisible = 0;
			defaultConfigurationName = Release;
		};
		F293B6C415EB7BEA00256477 /* Build configuration list for PBXNativeTarget "admob_lua-mobile" */ = {
			isa = XCConfigurationList;
			buildConfigurations = (
				F293B6C515EB7BEA00256477 /* Debug */,
				F293B6C615EB7BEA00256477 /* Release */,
			);
			defaultConfigurationIsVisible = 0;
			defaultConfigurationName = Release;
		};
/* End XCConfigurationList section */
	};
	rootObject = F293B3BF15EB7BE500256477 /* Project Object */;
}